
Microsoft Visual Studio Solution File, Format Version 12.00
# Visual Studio Version 17
VisualStudioVersion = 17.4.33213.308
MinimumVisualStudioVersion = 10.0.40219.1
Project("{9A19103F-16F7-4668-BE54-9A1E7A4F7556}") = "AirQualityTracker", "AirQualityTracker\AirQualityTracker.csproj", "{46203385-0604-4F4F-9CB9-85C8A76EAAB0}"
EndProject
Project("{2150E333-8FDC-42A3-9474-1A3956D46DE8}") = "External", "External", "{9CBC96D2-E5DC-43F5-B7CE-3C9AC1A2C756}"
EndProject
Project("{9A19103F-16F7-4668-BE54-9A1E7A4F7556}") = "Meadow.Foundation.Core", "..\Meadow.Foundation\Source\Meadow.Foundation.Core\Meadow.Foundation.Core.csproj", "{C26DFAC8-D566-4532-A98B-18C1457AD50C}"
EndProject
Project("{9A19103F-16F7-4668-BE54-9A1E7A4F7556}") = "Graphics.MicroGraphics", "..\Meadow.Foundation\Source\Meadow.Foundation.Libraries_and_Frameworks\Graphics.MicroGraphics\Driver\Graphics.MicroGraphics.csproj", "{8435F175-BC0D-40EA-AD7A-7A9499AD68E4}"
EndProject
Project("{9A19103F-16F7-4668-BE54-9A1E7A4F7556}") = "ICs.IOExpanders.Mcp23xxx", "..\Meadow.Foundation\Source\Meadow.Foundation.Peripherals\ICs.IOExpanders.Mcp23xxx\Driver\ICs.IOExpanders.Mcp23xxx.csproj", "{354D1843-17DC-4ADC-B0EF-3839C6BE40D9}"
EndProject
Project("{9A19103F-16F7-4668-BE54-9A1E7A4F7556}") = "Sensors.Atmospheric.Bme68x", "..\Meadow.Foundation\Source\Meadow.Foundation.Peripherals\Sensors.Atmospheric.Bme68x\Driver\Sensors.Atmospheric.Bme68x.csproj", "{048B81CC-58DB-400A-B950-A2A2D626688C}"
EndProject
Project("{9A19103F-16F7-4668-BE54-9A1E7A4F7556}") = "Sensors.Motion.Bmi270", "..\Meadow.Foundation\Source\Meadow.Foundation.Peripherals\Sensors.Motion.Bmi270\Driver\Sensors.Motion.Bmi270.csproj", "{E42153BD-0235-4B16-94AA-666356386D2B}"
EndProject
Project("{9A19103F-16F7-4668-BE54-9A1E7A4F7556}") = "Sensors.Light.Bh1750", "..\Meadow.Foundation\Source\Meadow.Foundation.Peripherals\Sensors.Light.Bh1750\Driver\Sensors.Light.Bh1750.csproj", "{E6CB3DC9-7F93-4C9D-AA03-14FC71638207}"
EndProject
Project("{9A19103F-16F7-4668-BE54-9A1E7A4F7556}") = "Meadow.F7", "..\Meadow.Core\source\implementations\f7\Meadow.F7\Meadow.F7.csproj", "{29FB3521-DF42-43CB-BBB9-52134184A87A}"
EndProject
Project("{9A19103F-16F7-4668-BE54-9A1E7A4F7556}") = "Meadow.Core", "..\Meadow.Core\source\Meadow.Core\Meadow.Core.csproj", "{23ADE208-CF42-42DD-8C48-5DD0A01D6692}"
EndProject
Project("{9A19103F-16F7-4668-BE54-9A1E7A4F7556}") = "Meadow.Contracts", "..\Meadow.Contracts\Source\Meadow.Contracts\Meadow.Contracts.csproj", "{65FA8665-DE6C-4E2D-A04B-BC668FA4B729}"
EndProject
Project("{9A19103F-16F7-4668-BE54-9A1E7A4F7556}") = "Meadow.Units", "..\Meadow.Units\Source\Meadow.Units\Meadow.Units.csproj", "{A4B2FB20-01FE-4314-B494-027E5C3F4BC1}"
EndProject
Project("{9A19103F-16F7-4668-BE54-9A1E7A4F7556}") = "Meadow.ProjectLab", "..\Meadow.ProjectLab\Source\Meadow.ProjectLab\Meadow.ProjectLab.csproj", "{C345D105-8D07-4ABC-B19F-DBBD9CC07D5A}"
EndProject
Project("{9A19103F-16F7-4668-BE54-9A1E7A4F7556}") = "CGNSS10", "..\Meadow.Foundation.mikroBUS\Source\CGNSS10\Driver\CGNSS10.csproj", "{D81B17C3-3C17-4AEA-83CD-C83837EBBE26}"
EndProject
Project("{9A19103F-16F7-4668-BE54-9A1E7A4F7556}") = "Sensors.Gnss.NeoM8", "..\Meadow.Foundation\Source\Meadow.Foundation.Peripherals\Sensors.Gnss.NeoM8\Driver\Sensors.Gnss.NeoM8.csproj", "{B058AAAD-2FF3-4335-8267-CE618DB23C42}"
EndProject
Project("{9A19103F-16F7-4668-BE54-9A1E7A4F7556}") = "ThermalCamera", "ThermalCamera\ThermalCamera.csproj", "{E66B4F3C-1489-4514-9F50-CC272EF52999}"
EndProject
Project("{9A19103F-16F7-4668-BE54-9A1E7A4F7556}") = "WaterQualityTracker", "WaterQuality\WaterQualityTracker.csproj", "{BFCF5D2E-181F-470B-A116-45177BF7BD20}"
EndProject
Project("{9A19103F-16F7-4668-BE54-9A1E7A4F7556}") = "CGNSS5", "..\Meadow.Foundation.mikroBUS\Source\CGNSS5\Driver\CGNSS5.csproj", "{D0A70309-37FF-4EA0-93CB-A0C84ED33BE9}"
EndProject
Project("{9A19103F-16F7-4668-BE54-9A1E7A4F7556}") = "Sensors.Camera.Mlx90640", "..\Meadow.Foundation\Source\Meadow.Foundation.Peripherals\Sensors.Camera.Mlx90640\Driver\Sensors.Camera.Mlx90640.csproj", "{3F4FDF1B-3AFC-4534-94D2-189640227937}"
EndProject
Project("{9A19103F-16F7-4668-BE54-9A1E7A4F7556}") = "Sensors.Environmental.Y4000", "..\Meadow.Foundation\Source\Meadow.Foundation.Peripherals\Sensors.Environmental.Y4000\Driver\Sensors.Environmental.Y4000.csproj", "{04028F03-7D98-4028-852E-68CB56A3DB3F}"
EndProject
Project("{9A19103F-16F7-4668-BE54-9A1E7A4F7556}") = "Displays.TftSpi", "..\Meadow.Foundation\Source\Meadow.Foundation.Peripherals\Displays.TftSpi\Driver\Displays.TftSpi.csproj", "{626D23FD-E72F-4BB5-A23E-F8309773D3B3}"
EndProject
Project("{9A19103F-16F7-4668-BE54-9A1E7A4F7556}") = "Meadow.Modbus", "..\Meadow.Modbus\src\Meadow.Modbus\Meadow.Modbus.csproj", "{547BEFBE-E544-4F05-8275-4F6319408B8F}"
EndProject
Project("{9A19103F-16F7-4668-BE54-9A1E7A4F7556}") = "Meadow.Logging", "..\Meadow.Logging\Source\Meadow.Logging\lib\Meadow.Logging.csproj", "{E574F344-2951-44BB-ABF4-047FE128ED68}"
EndProject
Project("{9A19103F-16F7-4668-BE54-9A1E7A4F7556}") = "Sensors.Location.Gnss.NmeaProcessor", "..\Meadow.Foundation\Source\Meadow.Foundation.Libraries_and_Frameworks\Sensors.Location.Gnss.NmeaProcessor\Driver\Sensors.Location.Gnss.NmeaProcessor.csproj", "{C434F9E1-C36E-44C8-96F4-F5AA5E67B75F}"
EndProject
Project("{9A19103F-16F7-4668-BE54-9A1E7A4F7556}") = "RotatingCube", "RotatingCube\RotatingCube.csproj", "{C46D65CB-D929-42BE-AC2A-4E5CB6DAB327}"
EndProject
Project("{9A19103F-16F7-4668-BE54-9A1E7A4F7556}") = "Arcs", "Arcs\Arcs.csproj", "{004FD32C-E716-4CAD-8560-935C129395A6}"
EndProject
Project("{9A19103F-16F7-4668-BE54-9A1E7A4F7556}") = "Displays.Max7219", "..\Meadow.Foundation\Source\Meadow.Foundation.Peripherals\Displays.Max7219\Driver\Displays.Max7219.csproj", "{A2DB49B2-8B47-410E-8C46-BEFF58FEA2F2}"
EndProject
Project("{9A19103F-16F7-4668-BE54-9A1E7A4F7556}") = "DeskClock", "DeskClock\DeskClock.csproj", "{E05BFF19-2073-4420-A13F-FDEE8D5DA9A1}"
EndProject
Project("{9A19103F-16F7-4668-BE54-9A1E7A4F7556}") = "Skeeball", "Skeeball\Skeeball.csproj", "{48016D79-B4F0-4C13-B7A2-39F0CB4BB0EC}"
EndProject
Project("{9A19103F-16F7-4668-BE54-9A1E7A4F7556}") = "Juego", "..\Juego\Source\Juego\Juego.csproj", "{F26F303A-FBE3-4132-8FA1-50E5EBAB40E5}"
EndProject
Project("{9A19103F-16F7-4668-BE54-9A1E7A4F7556}") = "KeyboardWingDrawing", "KeyboardWingDrawing\KeyboardWingDrawing.csproj", "{5486D6B2-BB03-4481-ABCE-3B68024EC5F9}"
EndProject
Project("{9A19103F-16F7-4668-BE54-9A1E7A4F7556}") = "Sensors.Hid.Bbq10Keyboard", "..\Meadow.Foundation\Source\Meadow.Foundation.Peripherals\Sensors.Hid.BBQ10Keyboard\Driver\Sensors.Hid.Bbq10Keyboard.csproj", "{40E59C66-08B5-41DF-8662-84FC2B5E1271}"
EndProject
Project("{9A19103F-16F7-4668-BE54-9A1E7A4F7556}") = "Sensors.Hid.Tsc2004", "..\Meadow.Foundation\Source\Meadow.Foundation.Peripherals\Sensors.Hid.Tsc2004\Driver\Sensors.Hid.Tsc2004.csproj", "{63683D50-6F11-4639-A2AF-0220AB5E7DD6}"
EndProject
Project("{9A19103F-16F7-4668-BE54-9A1E7A4F7556}") = "KeyboardWing", "..\Meadow.Foundation.Featherwings\Source\KeyboardWing\Driver\KeyboardWing.csproj", "{64E7B672-A7F9-4798-8D04-FA4361FCBDD9}"
EndProject
Project("{9A19103F-16F7-4668-BE54-9A1E7A4F7556}") = "SongPlayer", "SongPlayer\SongPlayer.csproj", "{B01E8561-7B79-4590-B052-BAA94173F002}"
EndProject
Global
	GlobalSection(SolutionConfigurationPlatforms) = preSolution
		Debug|Any CPU = Debug|Any CPU
		Release|Any CPU = Release|Any CPU
	EndGlobalSection
	GlobalSection(ProjectConfigurationPlatforms) = postSolution
		{46203385-0604-4F4F-9CB9-85C8A76EAAB0}.Debug|Any CPU.ActiveCfg = Debug|Any CPU
		{46203385-0604-4F4F-9CB9-85C8A76EAAB0}.Debug|Any CPU.Build.0 = Debug|Any CPU
		{46203385-0604-4F4F-9CB9-85C8A76EAAB0}.Debug|Any CPU.Deploy.0 = Debug|Any CPU
		{46203385-0604-4F4F-9CB9-85C8A76EAAB0}.Release|Any CPU.ActiveCfg = Release|Any CPU
		{46203385-0604-4F4F-9CB9-85C8A76EAAB0}.Release|Any CPU.Build.0 = Release|Any CPU
		{46203385-0604-4F4F-9CB9-85C8A76EAAB0}.Release|Any CPU.Deploy.0 = Release|Any CPU
		{C26DFAC8-D566-4532-A98B-18C1457AD50C}.Debug|Any CPU.ActiveCfg = Debug|Any CPU
		{C26DFAC8-D566-4532-A98B-18C1457AD50C}.Debug|Any CPU.Build.0 = Debug|Any CPU
		{C26DFAC8-D566-4532-A98B-18C1457AD50C}.Debug|Any CPU.Deploy.0 = Debug|Any CPU
		{C26DFAC8-D566-4532-A98B-18C1457AD50C}.Release|Any CPU.ActiveCfg = Release|Any CPU
		{C26DFAC8-D566-4532-A98B-18C1457AD50C}.Release|Any CPU.Build.0 = Release|Any CPU
		{C26DFAC8-D566-4532-A98B-18C1457AD50C}.Release|Any CPU.Deploy.0 = Release|Any CPU
		{8435F175-BC0D-40EA-AD7A-7A9499AD68E4}.Debug|Any CPU.ActiveCfg = Debug|Any CPU
		{8435F175-BC0D-40EA-AD7A-7A9499AD68E4}.Debug|Any CPU.Build.0 = Debug|Any CPU
		{8435F175-BC0D-40EA-AD7A-7A9499AD68E4}.Debug|Any CPU.Deploy.0 = Debug|Any CPU
		{8435F175-BC0D-40EA-AD7A-7A9499AD68E4}.Release|Any CPU.ActiveCfg = Release|Any CPU
		{8435F175-BC0D-40EA-AD7A-7A9499AD68E4}.Release|Any CPU.Build.0 = Release|Any CPU
		{8435F175-BC0D-40EA-AD7A-7A9499AD68E4}.Release|Any CPU.Deploy.0 = Release|Any CPU
		{354D1843-17DC-4ADC-B0EF-3839C6BE40D9}.Debug|Any CPU.ActiveCfg = Debug|Any CPU
		{354D1843-17DC-4ADC-B0EF-3839C6BE40D9}.Debug|Any CPU.Build.0 = Debug|Any CPU
		{354D1843-17DC-4ADC-B0EF-3839C6BE40D9}.Debug|Any CPU.Deploy.0 = Debug|Any CPU
		{354D1843-17DC-4ADC-B0EF-3839C6BE40D9}.Release|Any CPU.ActiveCfg = Release|Any CPU
		{354D1843-17DC-4ADC-B0EF-3839C6BE40D9}.Release|Any CPU.Build.0 = Release|Any CPU
		{354D1843-17DC-4ADC-B0EF-3839C6BE40D9}.Release|Any CPU.Deploy.0 = Release|Any CPU
		{048B81CC-58DB-400A-B950-A2A2D626688C}.Debug|Any CPU.ActiveCfg = Debug|Any CPU
		{048B81CC-58DB-400A-B950-A2A2D626688C}.Debug|Any CPU.Build.0 = Debug|Any CPU
		{048B81CC-58DB-400A-B950-A2A2D626688C}.Debug|Any CPU.Deploy.0 = Debug|Any CPU
		{048B81CC-58DB-400A-B950-A2A2D626688C}.Release|Any CPU.ActiveCfg = Release|Any CPU
		{048B81CC-58DB-400A-B950-A2A2D626688C}.Release|Any CPU.Build.0 = Release|Any CPU
		{048B81CC-58DB-400A-B950-A2A2D626688C}.Release|Any CPU.Deploy.0 = Release|Any CPU
		{E42153BD-0235-4B16-94AA-666356386D2B}.Debug|Any CPU.ActiveCfg = Debug|Any CPU
		{E42153BD-0235-4B16-94AA-666356386D2B}.Debug|Any CPU.Build.0 = Debug|Any CPU
		{E42153BD-0235-4B16-94AA-666356386D2B}.Debug|Any CPU.Deploy.0 = Debug|Any CPU
		{E42153BD-0235-4B16-94AA-666356386D2B}.Release|Any CPU.ActiveCfg = Release|Any CPU
		{E42153BD-0235-4B16-94AA-666356386D2B}.Release|Any CPU.Build.0 = Release|Any CPU
		{E42153BD-0235-4B16-94AA-666356386D2B}.Release|Any CPU.Deploy.0 = Release|Any CPU
		{E6CB3DC9-7F93-4C9D-AA03-14FC71638207}.Debug|Any CPU.ActiveCfg = Debug|Any CPU
		{E6CB3DC9-7F93-4C9D-AA03-14FC71638207}.Debug|Any CPU.Build.0 = Debug|Any CPU
		{E6CB3DC9-7F93-4C9D-AA03-14FC71638207}.Debug|Any CPU.Deploy.0 = Debug|Any CPU
		{E6CB3DC9-7F93-4C9D-AA03-14FC71638207}.Release|Any CPU.ActiveCfg = Release|Any CPU
		{E6CB3DC9-7F93-4C9D-AA03-14FC71638207}.Release|Any CPU.Build.0 = Release|Any CPU
		{E6CB3DC9-7F93-4C9D-AA03-14FC71638207}.Release|Any CPU.Deploy.0 = Release|Any CPU
		{29FB3521-DF42-43CB-BBB9-52134184A87A}.Debug|Any CPU.ActiveCfg = Debug|Any CPU
		{29FB3521-DF42-43CB-BBB9-52134184A87A}.Debug|Any CPU.Build.0 = Debug|Any CPU
		{29FB3521-DF42-43CB-BBB9-52134184A87A}.Debug|Any CPU.Deploy.0 = Debug|Any CPU
		{29FB3521-DF42-43CB-BBB9-52134184A87A}.Release|Any CPU.ActiveCfg = Release|Any CPU
		{29FB3521-DF42-43CB-BBB9-52134184A87A}.Release|Any CPU.Build.0 = Release|Any CPU
		{29FB3521-DF42-43CB-BBB9-52134184A87A}.Release|Any CPU.Deploy.0 = Release|Any CPU
		{23ADE208-CF42-42DD-8C48-5DD0A01D6692}.Debug|Any CPU.ActiveCfg = Debug|Any CPU
		{23ADE208-CF42-42DD-8C48-5DD0A01D6692}.Debug|Any CPU.Build.0 = Debug|Any CPU
		{23ADE208-CF42-42DD-8C48-5DD0A01D6692}.Debug|Any CPU.Deploy.0 = Debug|Any CPU
		{23ADE208-CF42-42DD-8C48-5DD0A01D6692}.Release|Any CPU.ActiveCfg = Release|Any CPU
		{23ADE208-CF42-42DD-8C48-5DD0A01D6692}.Release|Any CPU.Build.0 = Release|Any CPU
		{23ADE208-CF42-42DD-8C48-5DD0A01D6692}.Release|Any CPU.Deploy.0 = Release|Any CPU
		{65FA8665-DE6C-4E2D-A04B-BC668FA4B729}.Debug|Any CPU.ActiveCfg = Debug|Any CPU
		{65FA8665-DE6C-4E2D-A04B-BC668FA4B729}.Debug|Any CPU.Build.0 = Debug|Any CPU
		{65FA8665-DE6C-4E2D-A04B-BC668FA4B729}.Debug|Any CPU.Deploy.0 = Debug|Any CPU
		{65FA8665-DE6C-4E2D-A04B-BC668FA4B729}.Release|Any CPU.ActiveCfg = Release|Any CPU
		{65FA8665-DE6C-4E2D-A04B-BC668FA4B729}.Release|Any CPU.Build.0 = Release|Any CPU
		{65FA8665-DE6C-4E2D-A04B-BC668FA4B729}.Release|Any CPU.Deploy.0 = Release|Any CPU
		{A4B2FB20-01FE-4314-B494-027E5C3F4BC1}.Debug|Any CPU.ActiveCfg = Debug|Any CPU
		{A4B2FB20-01FE-4314-B494-027E5C3F4BC1}.Debug|Any CPU.Build.0 = Debug|Any CPU
		{A4B2FB20-01FE-4314-B494-027E5C3F4BC1}.Debug|Any CPU.Deploy.0 = Debug|Any CPU
		{A4B2FB20-01FE-4314-B494-027E5C3F4BC1}.Release|Any CPU.ActiveCfg = Release|Any CPU
		{A4B2FB20-01FE-4314-B494-027E5C3F4BC1}.Release|Any CPU.Build.0 = Release|Any CPU
		{A4B2FB20-01FE-4314-B494-027E5C3F4BC1}.Release|Any CPU.Deploy.0 = Release|Any CPU
		{C345D105-8D07-4ABC-B19F-DBBD9CC07D5A}.Debug|Any CPU.ActiveCfg = Debug|Any CPU
		{C345D105-8D07-4ABC-B19F-DBBD9CC07D5A}.Debug|Any CPU.Build.0 = Debug|Any CPU
		{C345D105-8D07-4ABC-B19F-DBBD9CC07D5A}.Debug|Any CPU.Deploy.0 = Debug|Any CPU
		{C345D105-8D07-4ABC-B19F-DBBD9CC07D5A}.Release|Any CPU.ActiveCfg = Release|Any CPU
		{C345D105-8D07-4ABC-B19F-DBBD9CC07D5A}.Release|Any CPU.Build.0 = Release|Any CPU
		{C345D105-8D07-4ABC-B19F-DBBD9CC07D5A}.Release|Any CPU.Deploy.0 = Release|Any CPU
		{D81B17C3-3C17-4AEA-83CD-C83837EBBE26}.Debug|Any CPU.ActiveCfg = Debug|Any CPU
		{D81B17C3-3C17-4AEA-83CD-C83837EBBE26}.Debug|Any CPU.Build.0 = Debug|Any CPU
		{D81B17C3-3C17-4AEA-83CD-C83837EBBE26}.Debug|Any CPU.Deploy.0 = Debug|Any CPU
		{D81B17C3-3C17-4AEA-83CD-C83837EBBE26}.Release|Any CPU.ActiveCfg = Release|Any CPU
		{D81B17C3-3C17-4AEA-83CD-C83837EBBE26}.Release|Any CPU.Build.0 = Release|Any CPU
		{D81B17C3-3C17-4AEA-83CD-C83837EBBE26}.Release|Any CPU.Deploy.0 = Release|Any CPU
		{B058AAAD-2FF3-4335-8267-CE618DB23C42}.Debug|Any CPU.ActiveCfg = Debug|Any CPU
		{B058AAAD-2FF3-4335-8267-CE618DB23C42}.Debug|Any CPU.Build.0 = Debug|Any CPU
		{B058AAAD-2FF3-4335-8267-CE618DB23C42}.Debug|Any CPU.Deploy.0 = Debug|Any CPU
		{B058AAAD-2FF3-4335-8267-CE618DB23C42}.Release|Any CPU.ActiveCfg = Release|Any CPU
		{B058AAAD-2FF3-4335-8267-CE618DB23C42}.Release|Any CPU.Build.0 = Release|Any CPU
		{B058AAAD-2FF3-4335-8267-CE618DB23C42}.Release|Any CPU.Deploy.0 = Release|Any CPU
		{E66B4F3C-1489-4514-9F50-CC272EF52999}.Debug|Any CPU.ActiveCfg = Debug|Any CPU
		{E66B4F3C-1489-4514-9F50-CC272EF52999}.Debug|Any CPU.Build.0 = Debug|Any CPU
		{E66B4F3C-1489-4514-9F50-CC272EF52999}.Debug|Any CPU.Deploy.0 = Debug|Any CPU
		{E66B4F3C-1489-4514-9F50-CC272EF52999}.Release|Any CPU.ActiveCfg = Release|Any CPU
		{E66B4F3C-1489-4514-9F50-CC272EF52999}.Release|Any CPU.Build.0 = Release|Any CPU
		{E66B4F3C-1489-4514-9F50-CC272EF52999}.Release|Any CPU.Deploy.0 = Release|Any CPU
		{BFCF5D2E-181F-470B-A116-45177BF7BD20}.Debug|Any CPU.ActiveCfg = Debug|Any CPU
		{BFCF5D2E-181F-470B-A116-45177BF7BD20}.Debug|Any CPU.Build.0 = Debug|Any CPU
		{BFCF5D2E-181F-470B-A116-45177BF7BD20}.Debug|Any CPU.Deploy.0 = Debug|Any CPU
		{BFCF5D2E-181F-470B-A116-45177BF7BD20}.Release|Any CPU.ActiveCfg = Release|Any CPU
		{BFCF5D2E-181F-470B-A116-45177BF7BD20}.Release|Any CPU.Build.0 = Release|Any CPU
		{BFCF5D2E-181F-470B-A116-45177BF7BD20}.Release|Any CPU.Deploy.0 = Release|Any CPU
		{D0A70309-37FF-4EA0-93CB-A0C84ED33BE9}.Debug|Any CPU.ActiveCfg = Debug|Any CPU
		{D0A70309-37FF-4EA0-93CB-A0C84ED33BE9}.Debug|Any CPU.Build.0 = Debug|Any CPU
		{D0A70309-37FF-4EA0-93CB-A0C84ED33BE9}.Debug|Any CPU.Deploy.0 = Debug|Any CPU
		{D0A70309-37FF-4EA0-93CB-A0C84ED33BE9}.Release|Any CPU.ActiveCfg = Release|Any CPU
		{D0A70309-37FF-4EA0-93CB-A0C84ED33BE9}.Release|Any CPU.Build.0 = Release|Any CPU
		{D0A70309-37FF-4EA0-93CB-A0C84ED33BE9}.Release|Any CPU.Deploy.0 = Release|Any CPU
		{3F4FDF1B-3AFC-4534-94D2-189640227937}.Debug|Any CPU.ActiveCfg = Debug|Any CPU
		{3F4FDF1B-3AFC-4534-94D2-189640227937}.Debug|Any CPU.Build.0 = Debug|Any CPU
		{3F4FDF1B-3AFC-4534-94D2-189640227937}.Debug|Any CPU.Deploy.0 = Debug|Any CPU
		{3F4FDF1B-3AFC-4534-94D2-189640227937}.Release|Any CPU.ActiveCfg = Release|Any CPU
		{3F4FDF1B-3AFC-4534-94D2-189640227937}.Release|Any CPU.Build.0 = Release|Any CPU
		{3F4FDF1B-3AFC-4534-94D2-189640227937}.Release|Any CPU.Deploy.0 = Release|Any CPU
		{04028F03-7D98-4028-852E-68CB56A3DB3F}.Debug|Any CPU.ActiveCfg = Debug|Any CPU
		{04028F03-7D98-4028-852E-68CB56A3DB3F}.Debug|Any CPU.Build.0 = Debug|Any CPU
		{04028F03-7D98-4028-852E-68CB56A3DB3F}.Debug|Any CPU.Deploy.0 = Debug|Any CPU
		{04028F03-7D98-4028-852E-68CB56A3DB3F}.Release|Any CPU.ActiveCfg = Release|Any CPU
		{04028F03-7D98-4028-852E-68CB56A3DB3F}.Release|Any CPU.Build.0 = Release|Any CPU
		{04028F03-7D98-4028-852E-68CB56A3DB3F}.Release|Any CPU.Deploy.0 = Release|Any CPU
		{626D23FD-E72F-4BB5-A23E-F8309773D3B3}.Debug|Any CPU.ActiveCfg = Debug|Any CPU
		{626D23FD-E72F-4BB5-A23E-F8309773D3B3}.Debug|Any CPU.Build.0 = Debug|Any CPU
		{626D23FD-E72F-4BB5-A23E-F8309773D3B3}.Debug|Any CPU.Deploy.0 = Debug|Any CPU
		{626D23FD-E72F-4BB5-A23E-F8309773D3B3}.Release|Any CPU.ActiveCfg = Release|Any CPU
		{626D23FD-E72F-4BB5-A23E-F8309773D3B3}.Release|Any CPU.Build.0 = Release|Any CPU
		{626D23FD-E72F-4BB5-A23E-F8309773D3B3}.Release|Any CPU.Deploy.0 = Release|Any CPU
		{547BEFBE-E544-4F05-8275-4F6319408B8F}.Debug|Any CPU.ActiveCfg = Debug|Any CPU
		{547BEFBE-E544-4F05-8275-4F6319408B8F}.Debug|Any CPU.Build.0 = Debug|Any CPU
		{547BEFBE-E544-4F05-8275-4F6319408B8F}.Release|Any CPU.ActiveCfg = Release|Any CPU
		{547BEFBE-E544-4F05-8275-4F6319408B8F}.Release|Any CPU.Build.0 = Release|Any CPU
		{E574F344-2951-44BB-ABF4-047FE128ED68}.Debug|Any CPU.ActiveCfg = Debug|Any CPU
		{E574F344-2951-44BB-ABF4-047FE128ED68}.Debug|Any CPU.Build.0 = Debug|Any CPU
		{E574F344-2951-44BB-ABF4-047FE128ED68}.Release|Any CPU.ActiveCfg = Release|Any CPU
		{E574F344-2951-44BB-ABF4-047FE128ED68}.Release|Any CPU.Build.0 = Release|Any CPU
		{C434F9E1-C36E-44C8-96F4-F5AA5E67B75F}.Debug|Any CPU.ActiveCfg = Debug|Any CPU
		{C434F9E1-C36E-44C8-96F4-F5AA5E67B75F}.Debug|Any CPU.Build.0 = Debug|Any CPU
		{C434F9E1-C36E-44C8-96F4-F5AA5E67B75F}.Debug|Any CPU.Deploy.0 = Debug|Any CPU
		{C434F9E1-C36E-44C8-96F4-F5AA5E67B75F}.Release|Any CPU.ActiveCfg = Release|Any CPU
		{C434F9E1-C36E-44C8-96F4-F5AA5E67B75F}.Release|Any CPU.Build.0 = Release|Any CPU
		{C434F9E1-C36E-44C8-96F4-F5AA5E67B75F}.Release|Any CPU.Deploy.0 = Release|Any CPU
		{C46D65CB-D929-42BE-AC2A-4E5CB6DAB327}.Debug|Any CPU.ActiveCfg = Debug|Any CPU
		{C46D65CB-D929-42BE-AC2A-4E5CB6DAB327}.Debug|Any CPU.Build.0 = Debug|Any CPU
		{C46D65CB-D929-42BE-AC2A-4E5CB6DAB327}.Debug|Any CPU.Deploy.0 = Debug|Any CPU
		{C46D65CB-D929-42BE-AC2A-4E5CB6DAB327}.Release|Any CPU.ActiveCfg = Release|Any CPU
		{C46D65CB-D929-42BE-AC2A-4E5CB6DAB327}.Release|Any CPU.Build.0 = Release|Any CPU
		{C46D65CB-D929-42BE-AC2A-4E5CB6DAB327}.Release|Any CPU.Deploy.0 = Release|Any CPU
		{004FD32C-E716-4CAD-8560-935C129395A6}.Debug|Any CPU.ActiveCfg = Debug|Any CPU
		{004FD32C-E716-4CAD-8560-935C129395A6}.Debug|Any CPU.Build.0 = Debug|Any CPU
		{004FD32C-E716-4CAD-8560-935C129395A6}.Debug|Any CPU.Deploy.0 = Debug|Any CPU
		{004FD32C-E716-4CAD-8560-935C129395A6}.Release|Any CPU.ActiveCfg = Release|Any CPU
		{004FD32C-E716-4CAD-8560-935C129395A6}.Release|Any CPU.Build.0 = Release|Any CPU
		{004FD32C-E716-4CAD-8560-935C129395A6}.Release|Any CPU.Deploy.0 = Release|Any CPU
		{A2DB49B2-8B47-410E-8C46-BEFF58FEA2F2}.Debug|Any CPU.ActiveCfg = Debug|Any CPU
		{A2DB49B2-8B47-410E-8C46-BEFF58FEA2F2}.Debug|Any CPU.Build.0 = Debug|Any CPU
		{A2DB49B2-8B47-410E-8C46-BEFF58FEA2F2}.Debug|Any CPU.Deploy.0 = Debug|Any CPU
		{A2DB49B2-8B47-410E-8C46-BEFF58FEA2F2}.Release|Any CPU.ActiveCfg = Release|Any CPU
		{A2DB49B2-8B47-410E-8C46-BEFF58FEA2F2}.Release|Any CPU.Build.0 = Release|Any CPU
		{A2DB49B2-8B47-410E-8C46-BEFF58FEA2F2}.Release|Any CPU.Deploy.0 = Release|Any CPU
		{E05BFF19-2073-4420-A13F-FDEE8D5DA9A1}.Debug|Any CPU.ActiveCfg = Debug|Any CPU
		{E05BFF19-2073-4420-A13F-FDEE8D5DA9A1}.Debug|Any CPU.Build.0 = Debug|Any CPU
		{E05BFF19-2073-4420-A13F-FDEE8D5DA9A1}.Debug|Any CPU.Deploy.0 = Debug|Any CPU
		{E05BFF19-2073-4420-A13F-FDEE8D5DA9A1}.Release|Any CPU.ActiveCfg = Release|Any CPU
		{E05BFF19-2073-4420-A13F-FDEE8D5DA9A1}.Release|Any CPU.Build.0 = Release|Any CPU
		{E05BFF19-2073-4420-A13F-FDEE8D5DA9A1}.Release|Any CPU.Deploy.0 = Release|Any CPU
		{48016D79-B4F0-4C13-B7A2-39F0CB4BB0EC}.Debug|Any CPU.ActiveCfg = Debug|Any CPU
		{48016D79-B4F0-4C13-B7A2-39F0CB4BB0EC}.Debug|Any CPU.Build.0 = Debug|Any CPU
		{48016D79-B4F0-4C13-B7A2-39F0CB4BB0EC}.Debug|Any CPU.Deploy.0 = Debug|Any CPU
		{48016D79-B4F0-4C13-B7A2-39F0CB4BB0EC}.Release|Any CPU.ActiveCfg = Release|Any CPU
		{48016D79-B4F0-4C13-B7A2-39F0CB4BB0EC}.Release|Any CPU.Build.0 = Release|Any CPU
		{48016D79-B4F0-4C13-B7A2-39F0CB4BB0EC}.Release|Any CPU.Deploy.0 = Release|Any CPU
		{F26F303A-FBE3-4132-8FA1-50E5EBAB40E5}.Debug|Any CPU.ActiveCfg = Debug|Any CPU
		{F26F303A-FBE3-4132-8FA1-50E5EBAB40E5}.Debug|Any CPU.Build.0 = Debug|Any CPU
		{F26F303A-FBE3-4132-8FA1-50E5EBAB40E5}.Debug|Any CPU.Deploy.0 = Debug|Any CPU
		{F26F303A-FBE3-4132-8FA1-50E5EBAB40E5}.Release|Any CPU.ActiveCfg = Release|Any CPU
		{F26F303A-FBE3-4132-8FA1-50E5EBAB40E5}.Release|Any CPU.Build.0 = Release|Any CPU
		{F26F303A-FBE3-4132-8FA1-50E5EBAB40E5}.Release|Any CPU.Deploy.0 = Release|Any CPU
		{5486D6B2-BB03-4481-ABCE-3B68024EC5F9}.Debug|Any CPU.ActiveCfg = Debug|Any CPU
		{5486D6B2-BB03-4481-ABCE-3B68024EC5F9}.Debug|Any CPU.Build.0 = Debug|Any CPU
		{5486D6B2-BB03-4481-ABCE-3B68024EC5F9}.Debug|Any CPU.Deploy.0 = Debug|Any CPU
		{5486D6B2-BB03-4481-ABCE-3B68024EC5F9}.Release|Any CPU.ActiveCfg = Release|Any CPU
		{5486D6B2-BB03-4481-ABCE-3B68024EC5F9}.Release|Any CPU.Build.0 = Release|Any CPU
		{5486D6B2-BB03-4481-ABCE-3B68024EC5F9}.Release|Any CPU.Deploy.0 = Release|Any CPU
		{40E59C66-08B5-41DF-8662-84FC2B5E1271}.Debug|Any CPU.ActiveCfg = Debug|Any CPU
		{40E59C66-08B5-41DF-8662-84FC2B5E1271}.Debug|Any CPU.Build.0 = Debug|Any CPU
		{40E59C66-08B5-41DF-8662-84FC2B5E1271}.Debug|Any CPU.Deploy.0 = Debug|Any CPU
		{40E59C66-08B5-41DF-8662-84FC2B5E1271}.Release|Any CPU.ActiveCfg = Release|Any CPU
		{40E59C66-08B5-41DF-8662-84FC2B5E1271}.Release|Any CPU.Build.0 = Release|Any CPU
		{40E59C66-08B5-41DF-8662-84FC2B5E1271}.Release|Any CPU.Deploy.0 = Release|Any CPU
		{63683D50-6F11-4639-A2AF-0220AB5E7DD6}.Debug|Any CPU.ActiveCfg = Debug|Any CPU
		{63683D50-6F11-4639-A2AF-0220AB5E7DD6}.Debug|Any CPU.Build.0 = Debug|Any CPU
		{63683D50-6F11-4639-A2AF-0220AB5E7DD6}.Debug|Any CPU.Deploy.0 = Debug|Any CPU
		{63683D50-6F11-4639-A2AF-0220AB5E7DD6}.Release|Any CPU.ActiveCfg = Release|Any CPU
		{63683D50-6F11-4639-A2AF-0220AB5E7DD6}.Release|Any CPU.Build.0 = Release|Any CPU
		{63683D50-6F11-4639-A2AF-0220AB5E7DD6}.Release|Any CPU.Deploy.0 = Release|Any CPU
		{64E7B672-A7F9-4798-8D04-FA4361FCBDD9}.Debug|Any CPU.ActiveCfg = Debug|Any CPU
		{64E7B672-A7F9-4798-8D04-FA4361FCBDD9}.Debug|Any CPU.Build.0 = Debug|Any CPU
		{64E7B672-A7F9-4798-8D04-FA4361FCBDD9}.Debug|Any CPU.Deploy.0 = Debug|Any CPU
		{64E7B672-A7F9-4798-8D04-FA4361FCBDD9}.Release|Any CPU.ActiveCfg = Release|Any CPU
		{64E7B672-A7F9-4798-8D04-FA4361FCBDD9}.Release|Any CPU.Build.0 = Release|Any CPU
		{64E7B672-A7F9-4798-8D04-FA4361FCBDD9}.Release|Any CPU.Deploy.0 = Release|Any CPU
		{B01E8561-7B79-4590-B052-BAA94173F002}.Debug|Any CPU.ActiveCfg = Debug|Any CPU
		{B01E8561-7B79-4590-B052-BAA94173F002}.Debug|Any CPU.Build.0 = Debug|Any CPU
		{B01E8561-7B79-4590-B052-BAA94173F002}.Debug|Any CPU.Deploy.0 = Debug|Any CPU
		{B01E8561-7B79-4590-B052-BAA94173F002}.Release|Any CPU.ActiveCfg = Release|Any CPU
		{B01E8561-7B79-4590-B052-BAA94173F002}.Release|Any CPU.Build.0 = Release|Any CPU
		{B01E8561-7B79-4590-B052-BAA94173F002}.Release|Any CPU.Deploy.0 = Release|Any CPU
	EndGlobalSection
	GlobalSection(SolutionProperties) = preSolution
		HideSolutionNode = FALSE
	EndGlobalSection
	GlobalSection(NestedProjects) = preSolution
		{C26DFAC8-D566-4532-A98B-18C1457AD50C} = {9CBC96D2-E5DC-43F5-B7CE-3C9AC1A2C756}
		{8435F175-BC0D-40EA-AD7A-7A9499AD68E4} = {9CBC96D2-E5DC-43F5-B7CE-3C9AC1A2C756}
		{354D1843-17DC-4ADC-B0EF-3839C6BE40D9} = {9CBC96D2-E5DC-43F5-B7CE-3C9AC1A2C756}
		{048B81CC-58DB-400A-B950-A2A2D626688C} = {9CBC96D2-E5DC-43F5-B7CE-3C9AC1A2C756}
		{E42153BD-0235-4B16-94AA-666356386D2B} = {9CBC96D2-E5DC-43F5-B7CE-3C9AC1A2C756}
		{E6CB3DC9-7F93-4C9D-AA03-14FC71638207} = {9CBC96D2-E5DC-43F5-B7CE-3C9AC1A2C756}
		{29FB3521-DF42-43CB-BBB9-52134184A87A} = {9CBC96D2-E5DC-43F5-B7CE-3C9AC1A2C756}
		{23ADE208-CF42-42DD-8C48-5DD0A01D6692} = {9CBC96D2-E5DC-43F5-B7CE-3C9AC1A2C756}
		{65FA8665-DE6C-4E2D-A04B-BC668FA4B729} = {9CBC96D2-E5DC-43F5-B7CE-3C9AC1A2C756}
		{A4B2FB20-01FE-4314-B494-027E5C3F4BC1} = {9CBC96D2-E5DC-43F5-B7CE-3C9AC1A2C756}
		{C345D105-8D07-4ABC-B19F-DBBD9CC07D5A} = {9CBC96D2-E5DC-43F5-B7CE-3C9AC1A2C756}
		{D81B17C3-3C17-4AEA-83CD-C83837EBBE26} = {9CBC96D2-E5DC-43F5-B7CE-3C9AC1A2C756}
		{B058AAAD-2FF3-4335-8267-CE618DB23C42} = {9CBC96D2-E5DC-43F5-B7CE-3C9AC1A2C756}
		{D0A70309-37FF-4EA0-93CB-A0C84ED33BE9} = {9CBC96D2-E5DC-43F5-B7CE-3C9AC1A2C756}
		{3F4FDF1B-3AFC-4534-94D2-189640227937} = {9CBC96D2-E5DC-43F5-B7CE-3C9AC1A2C756}
		{04028F03-7D98-4028-852E-68CB56A3DB3F} = {9CBC96D2-E5DC-43F5-B7CE-3C9AC1A2C756}
		{626D23FD-E72F-4BB5-A23E-F8309773D3B3} = {9CBC96D2-E5DC-43F5-B7CE-3C9AC1A2C756}
		{547BEFBE-E544-4F05-8275-4F6319408B8F} = {9CBC96D2-E5DC-43F5-B7CE-3C9AC1A2C756}
		{E574F344-2951-44BB-ABF4-047FE128ED68} = {9CBC96D2-E5DC-43F5-B7CE-3C9AC1A2C756}
		{C434F9E1-C36E-44C8-96F4-F5AA5E67B75F} = {9CBC96D2-E5DC-43F5-B7CE-3C9AC1A2C756}
		{A2DB49B2-8B47-410E-8C46-BEFF58FEA2F2} = {9CBC96D2-E5DC-43F5-B7CE-3C9AC1A2C756}
		{F26F303A-FBE3-4132-8FA1-50E5EBAB40E5} = {9CBC96D2-E5DC-43F5-B7CE-3C9AC1A2C756}
		{40E59C66-08B5-41DF-8662-84FC2B5E1271} = {9CBC96D2-E5DC-43F5-B7CE-3C9AC1A2C756}
		{63683D50-6F11-4639-A2AF-0220AB5E7DD6} = {9CBC96D2-E5DC-43F5-B7CE-3C9AC1A2C756}
		{64E7B672-A7F9-4798-8D04-FA4361FCBDD9} = {9CBC96D2-E5DC-43F5-B7CE-3C9AC1A2C756}
	EndGlobalSection
	GlobalSection(ExtensibilityGlobals) = postSolution
		SolutionGuid = {59B85D60-3E0C-446F-8620-3B88DCA35E21}
	EndGlobalSection
EndGlobal
