
Microsoft Visual Studio Solution File, Format Version 12.00
# Visual Studio Version 17
VisualStudioVersion = 17.4.33213.308
MinimumVisualStudioVersion = 10.0.40219.1
Project("{9A19103F-16F7-4668-BE54-9A1E7A4F7556}") = "AirQualityTracker", "AirQualityTracker\AirQualityTracker.csproj", "{46203385-0604-4F4F-9CB9-85C8A76EAAB0}"
EndProject
Project("{2150E333-8FDC-42A3-9474-1A3956D46DE8}") = "External", "External", "{9CBC96D2-E5DC-43F5-B7CE-3C9AC1A2C756}"
EndProject
Project("{9A19103F-16F7-4668-BE54-9A1E7A4F7556}") = "Meadow.Foundation.Core", "..\Meadow.Foundation\Source\Meadow.Foundation.Core\Meadow.Foundation.Core.csproj", "{C26DFAC8-D566-4532-A98B-18C1457AD50C}"
EndProject
Project("{9A19103F-16F7-4668-BE54-9A1E7A4F7556}") = "Graphics.MicroGraphics", "..\Meadow.Foundation\Source\Meadow.Foundation.Libraries_and_Frameworks\Graphics.MicroGraphics\Driver\Graphics.MicroGraphics.csproj", "{8435F175-BC0D-40EA-AD7A-7A9499AD68E4}"
EndProject
Project("{9A19103F-16F7-4668-BE54-9A1E7A4F7556}") = "ICs.IOExpanders.Mcp23xxx", "..\Meadow.Foundation\Source\Meadow.Foundation.Peripherals\ICs.IOExpanders.Mcp23xxx\Driver\ICs.IOExpanders.Mcp23xxx.csproj", "{354D1843-17DC-4ADC-B0EF-3839C6BE40D9}"
EndProject
Project("{9A19103F-16F7-4668-BE54-9A1E7A4F7556}") = "Sensors.Atmospheric.Bme68x", "..\Meadow.Foundation\Source\Meadow.Foundation.Peripherals\Sensors.Atmospheric.Bme68x\Driver\Sensors.Atmospheric.Bme68x.csproj", "{048B81CC-58DB-400A-B950-A2A2D626688C}"
EndProject
Project("{9A19103F-16F7-4668-BE54-9A1E7A4F7556}") = "Sensors.Motion.Bmi270", "..\Meadow.Foundation\Source\Meadow.Foundation.Peripherals\Sensors.Motion.Bmi270\Driver\Sensors.Motion.Bmi270.csproj", "{E42153BD-0235-4B16-94AA-666356386D2B}"
EndProject
Project("{9A19103F-16F7-4668-BE54-9A1E7A4F7556}") = "Sensors.Light.Bh1750", "..\Meadow.Foundation\Source\Meadow.Foundation.Peripherals\Sensors.Light.Bh1750\Driver\Sensors.Light.Bh1750.csproj", "{E6CB3DC9-7F93-4C9D-AA03-14FC71638207}"
EndProject
Project("{9A19103F-16F7-4668-BE54-9A1E7A4F7556}") = "Meadow.F7", "..\Meadow.Core\source\implementations\f7\Meadow.F7\Meadow.F7.csproj", "{29FB3521-DF42-43CB-BBB9-52134184A87A}"
EndProject
Project("{9A19103F-16F7-4668-BE54-9A1E7A4F7556}") = "Meadow.Core", "..\Meadow.Core\source\Meadow.Core\Meadow.Core.csproj", "{23ADE208-CF42-42DD-8C48-5DD0A01D6692}"
EndProject
Project("{9A19103F-16F7-4668-BE54-9A1E7A4F7556}") = "Meadow.Contracts", "..\Meadow.Contracts\Source\Meadow.Contracts\Meadow.Contracts.csproj", "{65FA8665-DE6C-4E2D-A04B-BC668FA4B729}"
EndProject
Project("{9A19103F-16F7-4668-BE54-9A1E7A4F7556}") = "Meadow.Units", "..\Meadow.Units\Source\Meadow.Units\Meadow.Units.csproj", "{A4B2FB20-01FE-4314-B494-027E5C3F4BC1}"
EndProject
Project("{9A19103F-16F7-4668-BE54-9A1E7A4F7556}") = "Meadow.ProjectLab", "..\Meadow.ProjectLab\Source\Meadow.ProjectLab\Meadow.ProjectLab.csproj", "{C345D105-8D07-4ABC-B19F-DBBD9CC07D5A}"
EndProject
Project("{9A19103F-16F7-4668-BE54-9A1E7A4F7556}") = "CGNSS10", "..\Meadow.Foundation.mikroBUS\Source\CGNSS10\Driver\CGNSS10.csproj", "{D81B17C3-3C17-4AEA-83CD-C83837EBBE26}"
EndProject
Project("{9A19103F-16F7-4668-BE54-9A1E7A4F7556}") = "Sensors.Gnss.NeoM8", "..\Meadow.Foundation\Source\Meadow.Foundation.Peripherals\Sensors.Gnss.NeoM8\Driver\Sensors.Gnss.NeoM8.csproj", "{B058AAAD-2FF3-4335-8267-CE618DB23C42}"
EndProject
Project("{9A19103F-16F7-4668-BE54-9A1E7A4F7556}") = "ThermalCamera", "ThermalCamera\ThermalCamera.csproj", "{E66B4F3C-1489-4514-9F50-CC272EF52999}"
EndProject
Project("{9A19103F-16F7-4668-BE54-9A1E7A4F7556}") = "WaterQualityTracker", "WaterQuality\WaterQualityTracker.csproj", "{BFCF5D2E-181F-470B-A116-45177BF7BD20}"
EndProject
Project("{9A19103F-16F7-4668-BE54-9A1E7A4F7556}") = "CGNSS5", "..\Meadow.Foundation.mikroBUS\Source\CGNSS5\Driver\CGNSS5.csproj", "{D0A70309-37FF-4EA0-93CB-A0C84ED33BE9}"
EndProject
Project("{9A19103F-16F7-4668-BE54-9A1E7A4F7556}") = "Sensors.Camera.Mlx90640", "..\Meadow.Foundation\Source\Meadow.Foundation.Peripherals\Sensors.Camera.Mlx90640\Driver\Sensors.Camera.Mlx90640.csproj", "{3F4FDF1B-3AFC-4534-94D2-189640227937}"
EndProject
Project("{9A19103F-16F7-4668-BE54-9A1E7A4F7556}") = "Sensors.Environmental.Y4000", "..\Meadow.Foundation\Source\Meadow.Foundation.Peripherals\Sensors.Environmental.Y4000\Driver\Sensors.Environmental.Y4000.csproj", "{04028F03-7D98-4028-852E-68CB56A3DB3F}"
EndProject
Project("{9A19103F-16F7-4668-BE54-9A1E7A4F7556}") = "Displays.TftSpi", "..\Meadow.Foundation\Source\Meadow.Foundation.Peripherals\Displays.TftSpi\Driver\Displays.TftSpi.csproj", "{626D23FD-E72F-4BB5-A23E-F8309773D3B3}"
EndProject
Project("{9A19103F-16F7-4668-BE54-9A1E7A4F7556}") = "Meadow.Modbus", "..\Meadow.Modbus\src\Meadow.Modbus\Meadow.Modbus.csproj", "{547BEFBE-E544-4F05-8275-4F6319408B8F}"
EndProject
Project("{9A19103F-16F7-4668-BE54-9A1E7A4F7556}") = "Meadow.Logging", "..\Meadow.Logging\Source\Meadow.Logging\lib\Meadow.Logging.csproj", "{E574F344-2951-44BB-ABF4-047FE128ED68}"
EndProject
Project("{9A19103F-16F7-4668-BE54-9A1E7A4F7556}") = "Sensors.Location.Gnss.NmeaProcessor", "..\Meadow.Foundation\Source\Meadow.Foundation.Libraries_and_Frameworks\Sensors.Location.Gnss.NmeaProcessor\Driver\Sensors.Location.Gnss.NmeaProcessor.csproj", "{C434F9E1-C36E-44C8-96F4-F5AA5E67B75F}"
EndProject
Project("{9A19103F-16F7-4668-BE54-9A1E7A4F7556}") = "RotatingCube", "RotatingCube\RotatingCube.csproj", "{C46D65CB-D929-42BE-AC2A-4E5CB6DAB327}"
EndProject
Project("{9A19103F-16F7-4668-BE54-9A1E7A4F7556}") = "Arcs", "Arcs\Arcs.csproj", "{004FD32C-E716-4CAD-8560-935C129395A6}"
EndProject
Project("{9A19103F-16F7-4668-BE54-9A1E7A4F7556}") = "Displays.Max7219", "..\Meadow.Foundation\Source\Meadow.Foundation.Peripherals\Displays.Max7219\Driver\Displays.Max7219.csproj", "{A2DB49B2-8B47-410E-8C46-BEFF58FEA2F2}"
EndProject
Project("{9A19103F-16F7-4668-BE54-9A1E7A4F7556}") = "DeskClock", "DeskClock\DeskClock.csproj", "{E05BFF19-2073-4420-A13F-FDEE8D5DA9A1}"
EndProject
Project("{9A19103F-16F7-4668-BE54-9A1E7A4F7556}") = "Skeeball", "Skeeball\Skeeball.csproj", "{48016D79-B4F0-4C13-B7A2-39F0CB4BB0EC}"
EndProject
Project("{9A19103F-16F7-4668-BE54-9A1E7A4F7556}") = "Juego", "..\Juego\Source\Juego\Juego.csproj", "{F26F303A-FBE3-4132-8FA1-50E5EBAB40E5}"
EndProject
Project("{9A19103F-16F7-4668-BE54-9A1E7A4F7556}") = "KeyboardWingDrawing", "KeyboardWingDrawing\KeyboardWingDrawing.csproj", "{5486D6B2-BB03-4481-ABCE-3B68024EC5F9}"
EndProject
Project("{9A19103F-16F7-4668-BE54-9A1E7A4F7556}") = "Sensors.Hid.Bbq10Keyboard", "..\Meadow.Foundation\Source\Meadow.Foundation.Peripherals\Sensors.Hid.BBQ10Keyboard\Driver\Sensors.Hid.Bbq10Keyboard.csproj", "{40E59C66-08B5-41DF-8662-84FC2B5E1271}"
EndProject
Project("{9A19103F-16F7-4668-BE54-9A1E7A4F7556}") = "Sensors.Hid.Tsc2004", "..\Meadow.Foundation\Source\Meadow.Foundation.Peripherals\Sensors.Hid.Tsc2004\Driver\Sensors.Hid.Tsc2004.csproj", "{63683D50-6F11-4639-A2AF-0220AB5E7DD6}"
EndProject
Project("{9A19103F-16F7-4668-BE54-9A1E7A4F7556}") = "KeyboardWing", "..\Meadow.Foundation.Featherwings\Source\KeyboardWing\Driver\KeyboardWing.csproj", "{64E7B672-A7F9-4798-8D04-FA4361FCBDD9}"
EndProject
Project("{9A19103F-16F7-4668-BE54-9A1E7A4F7556}") = "SongPlayer", "SongPlayer\SongPlayer.csproj", "{B01E8561-7B79-4590-B052-BAA94173F002}"
EndProject
Project("{9A19103F-16F7-4668-BE54-9A1E7A4F7556}") = "Froggit", "Froggit\Froggit.csproj", "{2596E6F9-907D-46C9-9D85-B9B29D198344}"
EndProject
Project("{9A19103F-16F7-4668-BE54-9A1E7A4F7556}") = "Audio.MicroAudio", "..\Meadow.Foundation\Source\Meadow.Foundation.Libraries_and_Frameworks\Audio.MicroAudio\Driver\Audio.MicroAudio.csproj", "{F5D9DCB0-B4D9-4A41-AB7A-E2B48F83AC70}"
EndProject
Project("{9A19103F-16F7-4668-BE54-9A1E7A4F7556}") = "DiscordBot", "DiscordBot\DiscordBot.csproj", "{4211BF2C-0E1A-4153-A49D-A6180379F6A9}"
EndProject
Project("{9A19103F-16F7-4668-BE54-9A1E7A4F7556}") = "Displays.TextDisplayMenu", "..\Meadow.Foundation\Source\Meadow.Foundation.Libraries_and_Frameworks\Displays.TextDisplayMenu\Driver\Displays.TextDisplayMenu.csproj", "{0191A563-B656-4D50-B432-D18EE8E70FB4}"
EndProject
Project("{2150E333-8FDC-42A3-9474-1A3956D46DE8}") = "HighScoresServer", "HighScoresServer", "{020E1099-3454-400B-A4E1-4429390C3C8A}"
EndProject
Project("{9A19103F-16F7-4668-BE54-9A1E7A4F7556}") = "HighScoreTracker", "HighScoreTracker\HighScoreTracker.csproj", "{8C64CAAF-8989-49C3-BDDE-78C98B7BBB43}"
EndProject
Project("{D954291E-2A0B-460D-934E-DC6B0785DB48}") = "HighScoreModels", "HighScoreModels\HighScoreModels.shproj", "{C7C7BB32-83BE-4045-B21E-09B73CA9B8C9}"
EndProject
Project("{9A19103F-16F7-4668-BE54-9A1E7A4F7556}") = "Froggit-direct", "Froggit-direct\Froggit-direct.csproj", "{6BCD457F-1201-41B0-9156-B96956313A0F}"
EndProject
Project("{9A19103F-16F7-4668-BE54-9A1E7A4F7556}") = "Magentometer", "Magetometer\Magentometer.csproj", "{00DD4833-534A-4EC1-B01E-7F779A0BCF4C}"
EndProject
Project("{9A19103F-16F7-4668-BE54-9A1E7A4F7556}") = "Sensors.Motion.Mmc5603", "..\Meadow.Foundation\Source\Meadow.Foundation.Peripherals\Sensors.Motion.Mmc5603\Driver\Sensors.Motion.Mmc5603.csproj", "{202B7180-C13B-4874-BD17-FAF2FDE951A6}"
EndProject
Project("{9A19103F-16F7-4668-BE54-9A1E7A4F7556}") = "Sensors.Hid.WiiExtensionControllers", "..\Meadow.Foundation\Source\Meadow.Foundation.Peripherals\Sensors.Hid.WiiExtensionControllers\Driver\Sensors.Hid.WiiExtensionControllers.csproj", "{3646E876-170F-4989-A555-6214E53F8B5C}"
EndProject
Project("{9A19103F-16F7-4668-BE54-9A1E7A4F7556}") = "WiiNunchuck", "WiiNunchuck\WiiNunchuck.csproj", "{E93B7C9A-0527-49F9-ABF5-A6D81C65FB85}"
EndProject
Project("{9A19103F-16F7-4668-BE54-9A1E7A4F7556}") = "Leds.Apa102", "..\Meadow.Foundation\Source\Meadow.Foundation.Peripherals\Leds.Apa102\Driver\Leds.Apa102.csproj", "{FB26F62B-1AD0-4DCC-9DFC-12C8E4259912}"
EndProject
Project("{9A19103F-16F7-4668-BE54-9A1E7A4F7556}") = "Eyeball.Juego", "JuegoEyeball\Eyeball.Juego.csproj", "{9997D031-9388-487D-95AD-ACABA6C805E7}"
EndProject
Project("{9A19103F-16F7-4668-BE54-9A1E7A4F7556}") = "ICs.IOExpanders.Sc16is7x2", "..\Meadow.Foundation\Source\Meadow.Foundation.Peripherals\ICs.IOExpanders.Sc16is7x2\Driver\ICs.IOExpanders.Sc16is7x2.csproj", "{40A488C1-74C6-4CFB-AE75-346F7B53A215}"
EndProject
Project("{2150E333-8FDC-42A3-9474-1A3956D46DE8}") = "Halloween", "Halloween", "{C572D5BA-7361-44C7-8A82-20D11F9A323A}"
EndProject
Project("{9A19103F-16F7-4668-BE54-9A1E7A4F7556}") = "Eyeball.ProjLab", "ProjLabEyeball\Eyeball.ProjLab.csproj", "{B6360FE1-248F-4C93-8CEC-70BF206B9708}"
EndProject
Project("{9A19103F-16F7-4668-BE54-9A1E7A4F7556}") = "Eyeball.Core", "Eyeball.Core\Eyeball.Core.csproj", "{579456DE-A3B2-4312-82E4-CF93E64CA6AB}"
EndProject
Project("{9A19103F-16F7-4668-BE54-9A1E7A4F7556}") = "Eyeball.F7", "F7Eyeball\Eyeball.F7.csproj", "{96F9B992-DD0F-44F5-BA2A-60F74EA31C1C}"
EndProject
Project("{9A19103F-16F7-4668-BE54-9A1E7A4F7556}") = "WaitOnNetwork", "WaitOnNetwork\WaitOnNetwork.csproj", "{EBD1C2BE-1BF6-4775-A259-8AF1B75946DB}"
EndProject
Project("{9A19103F-16F7-4668-BE54-9A1E7A4F7556}") = "Sensors.Motion.Hcsens0040", "..\Meadow.Foundation\Source\Meadow.Foundation.Peripherals\Sensors.Motion.Hcsens0040\Driver\Sensors.Motion.Hcsens0040.csproj", "{5D60BA2E-9393-400B-A02A-E0F3EEC490C9}"
EndProject
Project("{9A19103F-16F7-4668-BE54-9A1E7A4F7556}") = "PersonSensor", "PersonSensor\PersonSensor.csproj", "{D066B79C-F1F7-4049-8F49-9A2356E935E6}"
EndProject
Project("{9A19103F-16F7-4668-BE54-9A1E7A4F7556}") = "StarField", "Starfield\StarField.csproj", "{817D6CE5-A6C2-42DA-B8D9-6E3E0A14833A}"
EndProject
Project("{9A19103F-16F7-4668-BE54-9A1E7A4F7556}") = "Gradients", "Gradients\Gradients.csproj", "{556AEA6A-10C4-44C8-9978-75E7D8464675}"
EndProject
Project("{9A19103F-16F7-4668-BE54-9A1E7A4F7556}") = "GameOfLife", "GameOfLife\GameOfLife.csproj", "{426A7D7F-2D57-446D-8BCE-8B36D8B7CC66}"
EndProject
Project("{9A19103F-16F7-4668-BE54-9A1E7A4F7556}") = "SeeSaw", "SeeSaw\SeeSaw.csproj", "{2457E496-71D6-4DF3-AB00-C5F64D2F048E}"
EndProject
Project("{9A19103F-16F7-4668-BE54-9A1E7A4F7556}") = "Strokes", "Strokes\Strokes.csproj", "{B10EB018-CDFC-4560-B13C-5820E78771EA}"
EndProject
Project("{9A19103F-16F7-4668-BE54-9A1E7A4F7556}") = "Sensors.Camera.UsefulSensors.PersonSensor", "..\Meadow.Foundation.CompositeDevices\Source\Sensors.Camera.UsefulSensors.PersonSensor\Driver\Sensors.Camera.UsefulSensors.PersonSensor.csproj", "{E64782E6-029C-44EB-9066-46A4B6584300}"
EndProject
Project("{9A19103F-16F7-4668-BE54-9A1E7A4F7556}") = "MQTTnet", "..\MQTTnet\Source\MQTTnet\MQTTnet.csproj", "{9000A0FA-B495-4DAA-AA15-09432298B53E}"
EndProject
Project("{9A19103F-16F7-4668-BE54-9A1E7A4F7556}") = "Sensors.Hid.Xpt2046", "..\Meadow.Foundation\Source\Meadow.Foundation.Peripherals\Sensors.Hid.Xpt2046\Driver\Sensors.Hid.Xpt2046.csproj", "{0E8F33A3-8721-45D3-9120-82C0BD3C3E55}"
EndProject
Project("{2150E333-8FDC-42A3-9474-1A3956D46DE8}") = "Mystify", "Mystify", "{A00B68C1-97C5-4D34-91E8-353678C2AEF3}"
EndProject
Project("{9A19103F-16F7-4668-BE54-9A1E7A4F7556}") = "Mystify.Silk", "Mystify\Mystify.Silk\Mystify.Silk.csproj", "{E53AD1DD-1C05-4800-864D-8A0BD08B8A35}"
EndProject
Project("{9A19103F-16F7-4668-BE54-9A1E7A4F7556}") = "Displays.Silk", "..\Meadow.Foundation\Source\Meadow.Foundation.Peripherals\Displays.Silk\Driver\Displays.Silk.csproj", "{930B20FE-9639-4644-9487-B10D6A385D20}"
EndProject
Project("{9A19103F-16F7-4668-BE54-9A1E7A4F7556}") = "Mystify.ProjectLab", "Mystify\Mystify.ProjectLab\Mystify.ProjectLab.csproj", "{DD2FE77B-5CF8-4BE6-909E-862B7FADA3EB}"
EndProject
Project("{9A19103F-16F7-4668-BE54-9A1E7A4F7556}") = "Mystify.Core", "Mystify\Mystify.Core\Mystify.Core.csproj", "{8E16710E-9A5C-4F60-9AC8-D24135B81658}"
EndProject
Project("{9A19103F-16F7-4668-BE54-9A1E7A4F7556}") = "LineChart", "LineChart\LineChart.csproj", "{3724E5B5-B1E6-489E-B9CA-818D3C8CA119}"
EndProject
Project("{2150E333-8FDC-42A3-9474-1A3956D46DE8}") = "Solution Items", "Solution Items", "{534713B7-9E24-4618-A4AE-B9B79C67A36D}"
EndProject
Project("{9A19103F-16F7-4668-BE54-9A1E7A4F7556}") = "SharpMemoryDisplay", "SharpMemoryDisplay\SharpMemoryDisplay.csproj", "{AE91A1C3-92B4-4689-B55A-1D52405FCD0C}"
EndProject
Project("{9A19103F-16F7-4668-BE54-9A1E7A4F7556}") = "ProjectLabButtontest", "ProjLabButtonTest\ProjectLabButtontest.csproj", "{13F3F1FD-C408-4DA5-A7D0-F0581E28E862}"
EndProject
Project("{9A19103F-16F7-4668-BE54-9A1E7A4F7556}") = "SilkDisplayTest", "SilkDisplayTest\SilkDisplayTest.csproj", "{FF96DDD8-0E85-4836-86A0-9F060EB2FCA4}"
EndProject
Project("{9A19103F-16F7-4668-BE54-9A1E7A4F7556}") = "Sensors.Hid.Keyboard", "..\Meadow.Foundation\Source\Meadow.Foundation.Peripherals\Sensors.Hid.Keyboard\Driver\Sensors.Hid.Keyboard.csproj", "{4F2B4260-45DD-417D-B3AD-B4F5637D6743}"
EndProject
Project("{9A19103F-16F7-4668-BE54-9A1E7A4F7556}") = "Max7219Feather", "Max7219Feather\Max7219Feather.csproj", "{A1BE4B6F-A0DC-4693-892D-58E29660B807}"
EndProject
Project("{9A19103F-16F7-4668-BE54-9A1E7A4F7556}") = "LedMatrix8x16Wing", "..\Meadow.Foundation.Featherwings\Source\LedMatrix8x16Wing\Driver\LedMatrix8x16Wing.csproj", "{1280CD2E-C284-435C-9E9E-11E906215438}"
EndProject
Global
	GlobalSection(SolutionConfigurationPlatforms) = preSolution
		Debug|Any CPU = Debug|Any CPU
		Release|Any CPU = Release|Any CPU
	EndGlobalSection
	GlobalSection(ProjectConfigurationPlatforms) = postSolution
		{46203385-0604-4F4F-9CB9-85C8A76EAAB0}.Debug|Any CPU.ActiveCfg = Debug|Any CPU
		{46203385-0604-4F4F-9CB9-85C8A76EAAB0}.Debug|Any CPU.Build.0 = Debug|Any CPU
		{46203385-0604-4F4F-9CB9-85C8A76EAAB0}.Debug|Any CPU.Deploy.0 = Debug|Any CPU
		{46203385-0604-4F4F-9CB9-85C8A76EAAB0}.Release|Any CPU.ActiveCfg = Release|Any CPU
		{46203385-0604-4F4F-9CB9-85C8A76EAAB0}.Release|Any CPU.Build.0 = Release|Any CPU
		{46203385-0604-4F4F-9CB9-85C8A76EAAB0}.Release|Any CPU.Deploy.0 = Release|Any CPU
		{C26DFAC8-D566-4532-A98B-18C1457AD50C}.Debug|Any CPU.ActiveCfg = Debug|Any CPU
		{C26DFAC8-D566-4532-A98B-18C1457AD50C}.Debug|Any CPU.Build.0 = Debug|Any CPU
		{C26DFAC8-D566-4532-A98B-18C1457AD50C}.Debug|Any CPU.Deploy.0 = Debug|Any CPU
		{C26DFAC8-D566-4532-A98B-18C1457AD50C}.Release|Any CPU.ActiveCfg = Release|Any CPU
		{C26DFAC8-D566-4532-A98B-18C1457AD50C}.Release|Any CPU.Build.0 = Release|Any CPU
		{C26DFAC8-D566-4532-A98B-18C1457AD50C}.Release|Any CPU.Deploy.0 = Release|Any CPU
		{8435F175-BC0D-40EA-AD7A-7A9499AD68E4}.Debug|Any CPU.ActiveCfg = Debug|Any CPU
		{8435F175-BC0D-40EA-AD7A-7A9499AD68E4}.Debug|Any CPU.Build.0 = Debug|Any CPU
		{8435F175-BC0D-40EA-AD7A-7A9499AD68E4}.Debug|Any CPU.Deploy.0 = Debug|Any CPU
		{8435F175-BC0D-40EA-AD7A-7A9499AD68E4}.Release|Any CPU.ActiveCfg = Release|Any CPU
		{8435F175-BC0D-40EA-AD7A-7A9499AD68E4}.Release|Any CPU.Build.0 = Release|Any CPU
		{8435F175-BC0D-40EA-AD7A-7A9499AD68E4}.Release|Any CPU.Deploy.0 = Release|Any CPU
		{354D1843-17DC-4ADC-B0EF-3839C6BE40D9}.Debug|Any CPU.ActiveCfg = Debug|Any CPU
		{354D1843-17DC-4ADC-B0EF-3839C6BE40D9}.Debug|Any CPU.Build.0 = Debug|Any CPU
		{354D1843-17DC-4ADC-B0EF-3839C6BE40D9}.Debug|Any CPU.Deploy.0 = Debug|Any CPU
		{354D1843-17DC-4ADC-B0EF-3839C6BE40D9}.Release|Any CPU.ActiveCfg = Release|Any CPU
		{354D1843-17DC-4ADC-B0EF-3839C6BE40D9}.Release|Any CPU.Build.0 = Release|Any CPU
		{354D1843-17DC-4ADC-B0EF-3839C6BE40D9}.Release|Any CPU.Deploy.0 = Release|Any CPU
		{048B81CC-58DB-400A-B950-A2A2D626688C}.Debug|Any CPU.ActiveCfg = Debug|Any CPU
		{048B81CC-58DB-400A-B950-A2A2D626688C}.Debug|Any CPU.Build.0 = Debug|Any CPU
		{048B81CC-58DB-400A-B950-A2A2D626688C}.Debug|Any CPU.Deploy.0 = Debug|Any CPU
		{048B81CC-58DB-400A-B950-A2A2D626688C}.Release|Any CPU.ActiveCfg = Release|Any CPU
		{048B81CC-58DB-400A-B950-A2A2D626688C}.Release|Any CPU.Build.0 = Release|Any CPU
		{048B81CC-58DB-400A-B950-A2A2D626688C}.Release|Any CPU.Deploy.0 = Release|Any CPU
		{E42153BD-0235-4B16-94AA-666356386D2B}.Debug|Any CPU.ActiveCfg = Debug|Any CPU
		{E42153BD-0235-4B16-94AA-666356386D2B}.Debug|Any CPU.Build.0 = Debug|Any CPU
		{E42153BD-0235-4B16-94AA-666356386D2B}.Debug|Any CPU.Deploy.0 = Debug|Any CPU
		{E42153BD-0235-4B16-94AA-666356386D2B}.Release|Any CPU.ActiveCfg = Release|Any CPU
		{E42153BD-0235-4B16-94AA-666356386D2B}.Release|Any CPU.Build.0 = Release|Any CPU
		{E42153BD-0235-4B16-94AA-666356386D2B}.Release|Any CPU.Deploy.0 = Release|Any CPU
		{E6CB3DC9-7F93-4C9D-AA03-14FC71638207}.Debug|Any CPU.ActiveCfg = Debug|Any CPU
		{E6CB3DC9-7F93-4C9D-AA03-14FC71638207}.Debug|Any CPU.Build.0 = Debug|Any CPU
		{E6CB3DC9-7F93-4C9D-AA03-14FC71638207}.Debug|Any CPU.Deploy.0 = Debug|Any CPU
		{E6CB3DC9-7F93-4C9D-AA03-14FC71638207}.Release|Any CPU.ActiveCfg = Release|Any CPU
		{E6CB3DC9-7F93-4C9D-AA03-14FC71638207}.Release|Any CPU.Build.0 = Release|Any CPU
		{E6CB3DC9-7F93-4C9D-AA03-14FC71638207}.Release|Any CPU.Deploy.0 = Release|Any CPU
		{29FB3521-DF42-43CB-BBB9-52134184A87A}.Debug|Any CPU.ActiveCfg = Debug|Any CPU
		{29FB3521-DF42-43CB-BBB9-52134184A87A}.Debug|Any CPU.Build.0 = Debug|Any CPU
		{29FB3521-DF42-43CB-BBB9-52134184A87A}.Debug|Any CPU.Deploy.0 = Debug|Any CPU
		{29FB3521-DF42-43CB-BBB9-52134184A87A}.Release|Any CPU.ActiveCfg = Release|Any CPU
		{29FB3521-DF42-43CB-BBB9-52134184A87A}.Release|Any CPU.Build.0 = Release|Any CPU
		{29FB3521-DF42-43CB-BBB9-52134184A87A}.Release|Any CPU.Deploy.0 = Release|Any CPU
		{23ADE208-CF42-42DD-8C48-5DD0A01D6692}.Debug|Any CPU.ActiveCfg = Debug|Any CPU
		{23ADE208-CF42-42DD-8C48-5DD0A01D6692}.Debug|Any CPU.Build.0 = Debug|Any CPU
		{23ADE208-CF42-42DD-8C48-5DD0A01D6692}.Debug|Any CPU.Deploy.0 = Debug|Any CPU
		{23ADE208-CF42-42DD-8C48-5DD0A01D6692}.Release|Any CPU.ActiveCfg = Release|Any CPU
		{23ADE208-CF42-42DD-8C48-5DD0A01D6692}.Release|Any CPU.Build.0 = Release|Any CPU
		{23ADE208-CF42-42DD-8C48-5DD0A01D6692}.Release|Any CPU.Deploy.0 = Release|Any CPU
		{65FA8665-DE6C-4E2D-A04B-BC668FA4B729}.Debug|Any CPU.ActiveCfg = Debug|Any CPU
		{65FA8665-DE6C-4E2D-A04B-BC668FA4B729}.Debug|Any CPU.Build.0 = Debug|Any CPU
		{65FA8665-DE6C-4E2D-A04B-BC668FA4B729}.Debug|Any CPU.Deploy.0 = Debug|Any CPU
		{65FA8665-DE6C-4E2D-A04B-BC668FA4B729}.Release|Any CPU.ActiveCfg = Release|Any CPU
		{65FA8665-DE6C-4E2D-A04B-BC668FA4B729}.Release|Any CPU.Build.0 = Release|Any CPU
		{65FA8665-DE6C-4E2D-A04B-BC668FA4B729}.Release|Any CPU.Deploy.0 = Release|Any CPU
		{A4B2FB20-01FE-4314-B494-027E5C3F4BC1}.Debug|Any CPU.ActiveCfg = Debug|Any CPU
		{A4B2FB20-01FE-4314-B494-027E5C3F4BC1}.Debug|Any CPU.Build.0 = Debug|Any CPU
		{A4B2FB20-01FE-4314-B494-027E5C3F4BC1}.Debug|Any CPU.Deploy.0 = Debug|Any CPU
		{A4B2FB20-01FE-4314-B494-027E5C3F4BC1}.Release|Any CPU.ActiveCfg = Release|Any CPU
		{A4B2FB20-01FE-4314-B494-027E5C3F4BC1}.Release|Any CPU.Build.0 = Release|Any CPU
		{A4B2FB20-01FE-4314-B494-027E5C3F4BC1}.Release|Any CPU.Deploy.0 = Release|Any CPU
		{C345D105-8D07-4ABC-B19F-DBBD9CC07D5A}.Debug|Any CPU.ActiveCfg = Debug|Any CPU
		{C345D105-8D07-4ABC-B19F-DBBD9CC07D5A}.Debug|Any CPU.Build.0 = Debug|Any CPU
		{C345D105-8D07-4ABC-B19F-DBBD9CC07D5A}.Debug|Any CPU.Deploy.0 = Debug|Any CPU
		{C345D105-8D07-4ABC-B19F-DBBD9CC07D5A}.Release|Any CPU.ActiveCfg = Release|Any CPU
		{C345D105-8D07-4ABC-B19F-DBBD9CC07D5A}.Release|Any CPU.Build.0 = Release|Any CPU
		{C345D105-8D07-4ABC-B19F-DBBD9CC07D5A}.Release|Any CPU.Deploy.0 = Release|Any CPU
		{D81B17C3-3C17-4AEA-83CD-C83837EBBE26}.Debug|Any CPU.ActiveCfg = Debug|Any CPU
		{D81B17C3-3C17-4AEA-83CD-C83837EBBE26}.Debug|Any CPU.Build.0 = Debug|Any CPU
		{D81B17C3-3C17-4AEA-83CD-C83837EBBE26}.Debug|Any CPU.Deploy.0 = Debug|Any CPU
		{D81B17C3-3C17-4AEA-83CD-C83837EBBE26}.Release|Any CPU.ActiveCfg = Release|Any CPU
		{D81B17C3-3C17-4AEA-83CD-C83837EBBE26}.Release|Any CPU.Build.0 = Release|Any CPU
		{D81B17C3-3C17-4AEA-83CD-C83837EBBE26}.Release|Any CPU.Deploy.0 = Release|Any CPU
		{B058AAAD-2FF3-4335-8267-CE618DB23C42}.Debug|Any CPU.ActiveCfg = Debug|Any CPU
		{B058AAAD-2FF3-4335-8267-CE618DB23C42}.Debug|Any CPU.Build.0 = Debug|Any CPU
		{B058AAAD-2FF3-4335-8267-CE618DB23C42}.Debug|Any CPU.Deploy.0 = Debug|Any CPU
		{B058AAAD-2FF3-4335-8267-CE618DB23C42}.Release|Any CPU.ActiveCfg = Release|Any CPU
		{B058AAAD-2FF3-4335-8267-CE618DB23C42}.Release|Any CPU.Build.0 = Release|Any CPU
		{B058AAAD-2FF3-4335-8267-CE618DB23C42}.Release|Any CPU.Deploy.0 = Release|Any CPU
		{E66B4F3C-1489-4514-9F50-CC272EF52999}.Debug|Any CPU.ActiveCfg = Debug|Any CPU
		{E66B4F3C-1489-4514-9F50-CC272EF52999}.Debug|Any CPU.Build.0 = Debug|Any CPU
		{E66B4F3C-1489-4514-9F50-CC272EF52999}.Debug|Any CPU.Deploy.0 = Debug|Any CPU
		{E66B4F3C-1489-4514-9F50-CC272EF52999}.Release|Any CPU.ActiveCfg = Release|Any CPU
		{E66B4F3C-1489-4514-9F50-CC272EF52999}.Release|Any CPU.Build.0 = Release|Any CPU
		{E66B4F3C-1489-4514-9F50-CC272EF52999}.Release|Any CPU.Deploy.0 = Release|Any CPU
		{BFCF5D2E-181F-470B-A116-45177BF7BD20}.Debug|Any CPU.ActiveCfg = Debug|Any CPU
		{BFCF5D2E-181F-470B-A116-45177BF7BD20}.Debug|Any CPU.Build.0 = Debug|Any CPU
		{BFCF5D2E-181F-470B-A116-45177BF7BD20}.Debug|Any CPU.Deploy.0 = Debug|Any CPU
		{BFCF5D2E-181F-470B-A116-45177BF7BD20}.Release|Any CPU.ActiveCfg = Release|Any CPU
		{BFCF5D2E-181F-470B-A116-45177BF7BD20}.Release|Any CPU.Build.0 = Release|Any CPU
		{BFCF5D2E-181F-470B-A116-45177BF7BD20}.Release|Any CPU.Deploy.0 = Release|Any CPU
		{D0A70309-37FF-4EA0-93CB-A0C84ED33BE9}.Debug|Any CPU.ActiveCfg = Debug|Any CPU
		{D0A70309-37FF-4EA0-93CB-A0C84ED33BE9}.Debug|Any CPU.Build.0 = Debug|Any CPU
		{D0A70309-37FF-4EA0-93CB-A0C84ED33BE9}.Debug|Any CPU.Deploy.0 = Debug|Any CPU
		{D0A70309-37FF-4EA0-93CB-A0C84ED33BE9}.Release|Any CPU.ActiveCfg = Release|Any CPU
		{D0A70309-37FF-4EA0-93CB-A0C84ED33BE9}.Release|Any CPU.Build.0 = Release|Any CPU
		{D0A70309-37FF-4EA0-93CB-A0C84ED33BE9}.Release|Any CPU.Deploy.0 = Release|Any CPU
		{3F4FDF1B-3AFC-4534-94D2-189640227937}.Debug|Any CPU.ActiveCfg = Debug|Any CPU
		{3F4FDF1B-3AFC-4534-94D2-189640227937}.Debug|Any CPU.Build.0 = Debug|Any CPU
		{3F4FDF1B-3AFC-4534-94D2-189640227937}.Debug|Any CPU.Deploy.0 = Debug|Any CPU
		{3F4FDF1B-3AFC-4534-94D2-189640227937}.Release|Any CPU.ActiveCfg = Release|Any CPU
		{3F4FDF1B-3AFC-4534-94D2-189640227937}.Release|Any CPU.Build.0 = Release|Any CPU
		{3F4FDF1B-3AFC-4534-94D2-189640227937}.Release|Any CPU.Deploy.0 = Release|Any CPU
		{04028F03-7D98-4028-852E-68CB56A3DB3F}.Debug|Any CPU.ActiveCfg = Debug|Any CPU
		{04028F03-7D98-4028-852E-68CB56A3DB3F}.Debug|Any CPU.Build.0 = Debug|Any CPU
		{04028F03-7D98-4028-852E-68CB56A3DB3F}.Debug|Any CPU.Deploy.0 = Debug|Any CPU
		{04028F03-7D98-4028-852E-68CB56A3DB3F}.Release|Any CPU.ActiveCfg = Release|Any CPU
		{04028F03-7D98-4028-852E-68CB56A3DB3F}.Release|Any CPU.Build.0 = Release|Any CPU
		{04028F03-7D98-4028-852E-68CB56A3DB3F}.Release|Any CPU.Deploy.0 = Release|Any CPU
		{626D23FD-E72F-4BB5-A23E-F8309773D3B3}.Debug|Any CPU.ActiveCfg = Debug|Any CPU
		{626D23FD-E72F-4BB5-A23E-F8309773D3B3}.Debug|Any CPU.Build.0 = Debug|Any CPU
		{626D23FD-E72F-4BB5-A23E-F8309773D3B3}.Debug|Any CPU.Deploy.0 = Debug|Any CPU
		{626D23FD-E72F-4BB5-A23E-F8309773D3B3}.Release|Any CPU.ActiveCfg = Release|Any CPU
		{626D23FD-E72F-4BB5-A23E-F8309773D3B3}.Release|Any CPU.Build.0 = Release|Any CPU
		{626D23FD-E72F-4BB5-A23E-F8309773D3B3}.Release|Any CPU.Deploy.0 = Release|Any CPU
		{547BEFBE-E544-4F05-8275-4F6319408B8F}.Debug|Any CPU.ActiveCfg = Debug|Any CPU
		{547BEFBE-E544-4F05-8275-4F6319408B8F}.Debug|Any CPU.Build.0 = Debug|Any CPU
		{547BEFBE-E544-4F05-8275-4F6319408B8F}.Release|Any CPU.ActiveCfg = Release|Any CPU
		{547BEFBE-E544-4F05-8275-4F6319408B8F}.Release|Any CPU.Build.0 = Release|Any CPU
		{E574F344-2951-44BB-ABF4-047FE128ED68}.Debug|Any CPU.ActiveCfg = Debug|Any CPU
		{E574F344-2951-44BB-ABF4-047FE128ED68}.Debug|Any CPU.Build.0 = Debug|Any CPU
		{E574F344-2951-44BB-ABF4-047FE128ED68}.Release|Any CPU.ActiveCfg = Release|Any CPU
		{E574F344-2951-44BB-ABF4-047FE128ED68}.Release|Any CPU.Build.0 = Release|Any CPU
		{C434F9E1-C36E-44C8-96F4-F5AA5E67B75F}.Debug|Any CPU.ActiveCfg = Debug|Any CPU
		{C434F9E1-C36E-44C8-96F4-F5AA5E67B75F}.Debug|Any CPU.Build.0 = Debug|Any CPU
		{C434F9E1-C36E-44C8-96F4-F5AA5E67B75F}.Debug|Any CPU.Deploy.0 = Debug|Any CPU
		{C434F9E1-C36E-44C8-96F4-F5AA5E67B75F}.Release|Any CPU.ActiveCfg = Release|Any CPU
		{C434F9E1-C36E-44C8-96F4-F5AA5E67B75F}.Release|Any CPU.Build.0 = Release|Any CPU
		{C434F9E1-C36E-44C8-96F4-F5AA5E67B75F}.Release|Any CPU.Deploy.0 = Release|Any CPU
		{C46D65CB-D929-42BE-AC2A-4E5CB6DAB327}.Debug|Any CPU.ActiveCfg = Debug|Any CPU
		{C46D65CB-D929-42BE-AC2A-4E5CB6DAB327}.Debug|Any CPU.Build.0 = Debug|Any CPU
		{C46D65CB-D929-42BE-AC2A-4E5CB6DAB327}.Debug|Any CPU.Deploy.0 = Debug|Any CPU
		{C46D65CB-D929-42BE-AC2A-4E5CB6DAB327}.Release|Any CPU.ActiveCfg = Release|Any CPU
		{C46D65CB-D929-42BE-AC2A-4E5CB6DAB327}.Release|Any CPU.Build.0 = Release|Any CPU
		{C46D65CB-D929-42BE-AC2A-4E5CB6DAB327}.Release|Any CPU.Deploy.0 = Release|Any CPU
		{004FD32C-E716-4CAD-8560-935C129395A6}.Debug|Any CPU.ActiveCfg = Debug|Any CPU
		{004FD32C-E716-4CAD-8560-935C129395A6}.Debug|Any CPU.Build.0 = Debug|Any CPU
		{004FD32C-E716-4CAD-8560-935C129395A6}.Debug|Any CPU.Deploy.0 = Debug|Any CPU
		{004FD32C-E716-4CAD-8560-935C129395A6}.Release|Any CPU.ActiveCfg = Release|Any CPU
		{004FD32C-E716-4CAD-8560-935C129395A6}.Release|Any CPU.Build.0 = Release|Any CPU
		{004FD32C-E716-4CAD-8560-935C129395A6}.Release|Any CPU.Deploy.0 = Release|Any CPU
		{A2DB49B2-8B47-410E-8C46-BEFF58FEA2F2}.Debug|Any CPU.ActiveCfg = Debug|Any CPU
		{A2DB49B2-8B47-410E-8C46-BEFF58FEA2F2}.Debug|Any CPU.Build.0 = Debug|Any CPU
		{A2DB49B2-8B47-410E-8C46-BEFF58FEA2F2}.Debug|Any CPU.Deploy.0 = Debug|Any CPU
		{A2DB49B2-8B47-410E-8C46-BEFF58FEA2F2}.Release|Any CPU.ActiveCfg = Release|Any CPU
		{A2DB49B2-8B47-410E-8C46-BEFF58FEA2F2}.Release|Any CPU.Build.0 = Release|Any CPU
		{A2DB49B2-8B47-410E-8C46-BEFF58FEA2F2}.Release|Any CPU.Deploy.0 = Release|Any CPU
		{E05BFF19-2073-4420-A13F-FDEE8D5DA9A1}.Debug|Any CPU.ActiveCfg = Debug|Any CPU
		{E05BFF19-2073-4420-A13F-FDEE8D5DA9A1}.Debug|Any CPU.Build.0 = Debug|Any CPU
		{E05BFF19-2073-4420-A13F-FDEE8D5DA9A1}.Debug|Any CPU.Deploy.0 = Debug|Any CPU
		{E05BFF19-2073-4420-A13F-FDEE8D5DA9A1}.Release|Any CPU.ActiveCfg = Release|Any CPU
		{E05BFF19-2073-4420-A13F-FDEE8D5DA9A1}.Release|Any CPU.Build.0 = Release|Any CPU
		{E05BFF19-2073-4420-A13F-FDEE8D5DA9A1}.Release|Any CPU.Deploy.0 = Release|Any CPU
		{48016D79-B4F0-4C13-B7A2-39F0CB4BB0EC}.Debug|Any CPU.ActiveCfg = Debug|Any CPU
		{48016D79-B4F0-4C13-B7A2-39F0CB4BB0EC}.Debug|Any CPU.Build.0 = Debug|Any CPU
		{48016D79-B4F0-4C13-B7A2-39F0CB4BB0EC}.Debug|Any CPU.Deploy.0 = Debug|Any CPU
		{48016D79-B4F0-4C13-B7A2-39F0CB4BB0EC}.Release|Any CPU.ActiveCfg = Release|Any CPU
		{48016D79-B4F0-4C13-B7A2-39F0CB4BB0EC}.Release|Any CPU.Build.0 = Release|Any CPU
		{48016D79-B4F0-4C13-B7A2-39F0CB4BB0EC}.Release|Any CPU.Deploy.0 = Release|Any CPU
		{F26F303A-FBE3-4132-8FA1-50E5EBAB40E5}.Debug|Any CPU.ActiveCfg = Debug|Any CPU
		{F26F303A-FBE3-4132-8FA1-50E5EBAB40E5}.Debug|Any CPU.Build.0 = Debug|Any CPU
		{F26F303A-FBE3-4132-8FA1-50E5EBAB40E5}.Debug|Any CPU.Deploy.0 = Debug|Any CPU
		{F26F303A-FBE3-4132-8FA1-50E5EBAB40E5}.Release|Any CPU.ActiveCfg = Release|Any CPU
		{F26F303A-FBE3-4132-8FA1-50E5EBAB40E5}.Release|Any CPU.Build.0 = Release|Any CPU
		{F26F303A-FBE3-4132-8FA1-50E5EBAB40E5}.Release|Any CPU.Deploy.0 = Release|Any CPU
		{5486D6B2-BB03-4481-ABCE-3B68024EC5F9}.Debug|Any CPU.ActiveCfg = Debug|Any CPU
		{5486D6B2-BB03-4481-ABCE-3B68024EC5F9}.Debug|Any CPU.Build.0 = Debug|Any CPU
		{5486D6B2-BB03-4481-ABCE-3B68024EC5F9}.Debug|Any CPU.Deploy.0 = Debug|Any CPU
		{5486D6B2-BB03-4481-ABCE-3B68024EC5F9}.Release|Any CPU.ActiveCfg = Release|Any CPU
		{5486D6B2-BB03-4481-ABCE-3B68024EC5F9}.Release|Any CPU.Build.0 = Release|Any CPU
		{5486D6B2-BB03-4481-ABCE-3B68024EC5F9}.Release|Any CPU.Deploy.0 = Release|Any CPU
		{40E59C66-08B5-41DF-8662-84FC2B5E1271}.Debug|Any CPU.ActiveCfg = Debug|Any CPU
		{40E59C66-08B5-41DF-8662-84FC2B5E1271}.Debug|Any CPU.Build.0 = Debug|Any CPU
		{40E59C66-08B5-41DF-8662-84FC2B5E1271}.Debug|Any CPU.Deploy.0 = Debug|Any CPU
		{40E59C66-08B5-41DF-8662-84FC2B5E1271}.Release|Any CPU.ActiveCfg = Release|Any CPU
		{40E59C66-08B5-41DF-8662-84FC2B5E1271}.Release|Any CPU.Build.0 = Release|Any CPU
		{40E59C66-08B5-41DF-8662-84FC2B5E1271}.Release|Any CPU.Deploy.0 = Release|Any CPU
		{63683D50-6F11-4639-A2AF-0220AB5E7DD6}.Debug|Any CPU.ActiveCfg = Debug|Any CPU
		{63683D50-6F11-4639-A2AF-0220AB5E7DD6}.Debug|Any CPU.Build.0 = Debug|Any CPU
		{63683D50-6F11-4639-A2AF-0220AB5E7DD6}.Debug|Any CPU.Deploy.0 = Debug|Any CPU
		{63683D50-6F11-4639-A2AF-0220AB5E7DD6}.Release|Any CPU.ActiveCfg = Release|Any CPU
		{63683D50-6F11-4639-A2AF-0220AB5E7DD6}.Release|Any CPU.Build.0 = Release|Any CPU
		{63683D50-6F11-4639-A2AF-0220AB5E7DD6}.Release|Any CPU.Deploy.0 = Release|Any CPU
		{64E7B672-A7F9-4798-8D04-FA4361FCBDD9}.Debug|Any CPU.ActiveCfg = Debug|Any CPU
		{64E7B672-A7F9-4798-8D04-FA4361FCBDD9}.Debug|Any CPU.Build.0 = Debug|Any CPU
		{64E7B672-A7F9-4798-8D04-FA4361FCBDD9}.Debug|Any CPU.Deploy.0 = Debug|Any CPU
		{64E7B672-A7F9-4798-8D04-FA4361FCBDD9}.Release|Any CPU.ActiveCfg = Release|Any CPU
		{64E7B672-A7F9-4798-8D04-FA4361FCBDD9}.Release|Any CPU.Build.0 = Release|Any CPU
		{64E7B672-A7F9-4798-8D04-FA4361FCBDD9}.Release|Any CPU.Deploy.0 = Release|Any CPU
		{B01E8561-7B79-4590-B052-BAA94173F002}.Debug|Any CPU.ActiveCfg = Debug|Any CPU
		{B01E8561-7B79-4590-B052-BAA94173F002}.Debug|Any CPU.Build.0 = Debug|Any CPU
		{B01E8561-7B79-4590-B052-BAA94173F002}.Debug|Any CPU.Deploy.0 = Debug|Any CPU
		{B01E8561-7B79-4590-B052-BAA94173F002}.Release|Any CPU.ActiveCfg = Release|Any CPU
		{B01E8561-7B79-4590-B052-BAA94173F002}.Release|Any CPU.Build.0 = Release|Any CPU
		{B01E8561-7B79-4590-B052-BAA94173F002}.Release|Any CPU.Deploy.0 = Release|Any CPU
		{2596E6F9-907D-46C9-9D85-B9B29D198344}.Debug|Any CPU.ActiveCfg = Debug|Any CPU
		{2596E6F9-907D-46C9-9D85-B9B29D198344}.Debug|Any CPU.Build.0 = Debug|Any CPU
		{2596E6F9-907D-46C9-9D85-B9B29D198344}.Debug|Any CPU.Deploy.0 = Debug|Any CPU
		{2596E6F9-907D-46C9-9D85-B9B29D198344}.Release|Any CPU.ActiveCfg = Release|Any CPU
		{2596E6F9-907D-46C9-9D85-B9B29D198344}.Release|Any CPU.Build.0 = Release|Any CPU
		{2596E6F9-907D-46C9-9D85-B9B29D198344}.Release|Any CPU.Deploy.0 = Release|Any CPU
		{F5D9DCB0-B4D9-4A41-AB7A-E2B48F83AC70}.Debug|Any CPU.ActiveCfg = Debug|Any CPU
		{F5D9DCB0-B4D9-4A41-AB7A-E2B48F83AC70}.Debug|Any CPU.Build.0 = Debug|Any CPU
		{F5D9DCB0-B4D9-4A41-AB7A-E2B48F83AC70}.Debug|Any CPU.Deploy.0 = Debug|Any CPU
		{F5D9DCB0-B4D9-4A41-AB7A-E2B48F83AC70}.Release|Any CPU.ActiveCfg = Release|Any CPU
		{F5D9DCB0-B4D9-4A41-AB7A-E2B48F83AC70}.Release|Any CPU.Build.0 = Release|Any CPU
		{F5D9DCB0-B4D9-4A41-AB7A-E2B48F83AC70}.Release|Any CPU.Deploy.0 = Release|Any CPU
		{4211BF2C-0E1A-4153-A49D-A6180379F6A9}.Debug|Any CPU.ActiveCfg = Debug|Any CPU
		{4211BF2C-0E1A-4153-A49D-A6180379F6A9}.Debug|Any CPU.Build.0 = Debug|Any CPU
		{4211BF2C-0E1A-4153-A49D-A6180379F6A9}.Debug|Any CPU.Deploy.0 = Debug|Any CPU
		{4211BF2C-0E1A-4153-A49D-A6180379F6A9}.Release|Any CPU.ActiveCfg = Release|Any CPU
		{4211BF2C-0E1A-4153-A49D-A6180379F6A9}.Release|Any CPU.Build.0 = Release|Any CPU
		{4211BF2C-0E1A-4153-A49D-A6180379F6A9}.Release|Any CPU.Deploy.0 = Release|Any CPU
		{0191A563-B656-4D50-B432-D18EE8E70FB4}.Debug|Any CPU.ActiveCfg = Debug|Any CPU
		{0191A563-B656-4D50-B432-D18EE8E70FB4}.Debug|Any CPU.Build.0 = Debug|Any CPU
		{0191A563-B656-4D50-B432-D18EE8E70FB4}.Debug|Any CPU.Deploy.0 = Debug|Any CPU
		{0191A563-B656-4D50-B432-D18EE8E70FB4}.Release|Any CPU.ActiveCfg = Release|Any CPU
		{0191A563-B656-4D50-B432-D18EE8E70FB4}.Release|Any CPU.Build.0 = Release|Any CPU
		{0191A563-B656-4D50-B432-D18EE8E70FB4}.Release|Any CPU.Deploy.0 = Release|Any CPU
		{8C64CAAF-8989-49C3-BDDE-78C98B7BBB43}.Debug|Any CPU.ActiveCfg = Debug|Any CPU
		{8C64CAAF-8989-49C3-BDDE-78C98B7BBB43}.Debug|Any CPU.Build.0 = Debug|Any CPU
		{8C64CAAF-8989-49C3-BDDE-78C98B7BBB43}.Release|Any CPU.ActiveCfg = Release|Any CPU
		{8C64CAAF-8989-49C3-BDDE-78C98B7BBB43}.Release|Any CPU.Build.0 = Release|Any CPU
		{6BCD457F-1201-41B0-9156-B96956313A0F}.Debug|Any CPU.ActiveCfg = Debug|Any CPU
		{6BCD457F-1201-41B0-9156-B96956313A0F}.Debug|Any CPU.Build.0 = Debug|Any CPU
		{6BCD457F-1201-41B0-9156-B96956313A0F}.Debug|Any CPU.Deploy.0 = Debug|Any CPU
		{6BCD457F-1201-41B0-9156-B96956313A0F}.Release|Any CPU.ActiveCfg = Release|Any CPU
		{6BCD457F-1201-41B0-9156-B96956313A0F}.Release|Any CPU.Build.0 = Release|Any CPU
		{6BCD457F-1201-41B0-9156-B96956313A0F}.Release|Any CPU.Deploy.0 = Release|Any CPU
		{00DD4833-534A-4EC1-B01E-7F779A0BCF4C}.Debug|Any CPU.ActiveCfg = Debug|Any CPU
		{00DD4833-534A-4EC1-B01E-7F779A0BCF4C}.Debug|Any CPU.Build.0 = Debug|Any CPU
		{00DD4833-534A-4EC1-B01E-7F779A0BCF4C}.Debug|Any CPU.Deploy.0 = Debug|Any CPU
		{00DD4833-534A-4EC1-B01E-7F779A0BCF4C}.Release|Any CPU.ActiveCfg = Release|Any CPU
		{00DD4833-534A-4EC1-B01E-7F779A0BCF4C}.Release|Any CPU.Build.0 = Release|Any CPU
		{00DD4833-534A-4EC1-B01E-7F779A0BCF4C}.Release|Any CPU.Deploy.0 = Release|Any CPU
		{202B7180-C13B-4874-BD17-FAF2FDE951A6}.Debug|Any CPU.ActiveCfg = Debug|Any CPU
		{202B7180-C13B-4874-BD17-FAF2FDE951A6}.Debug|Any CPU.Build.0 = Debug|Any CPU
		{202B7180-C13B-4874-BD17-FAF2FDE951A6}.Debug|Any CPU.Deploy.0 = Debug|Any CPU
		{202B7180-C13B-4874-BD17-FAF2FDE951A6}.Release|Any CPU.ActiveCfg = Release|Any CPU
		{202B7180-C13B-4874-BD17-FAF2FDE951A6}.Release|Any CPU.Build.0 = Release|Any CPU
		{202B7180-C13B-4874-BD17-FAF2FDE951A6}.Release|Any CPU.Deploy.0 = Release|Any CPU
		{3646E876-170F-4989-A555-6214E53F8B5C}.Debug|Any CPU.ActiveCfg = Debug|Any CPU
		{3646E876-170F-4989-A555-6214E53F8B5C}.Debug|Any CPU.Build.0 = Debug|Any CPU
		{3646E876-170F-4989-A555-6214E53F8B5C}.Debug|Any CPU.Deploy.0 = Debug|Any CPU
		{3646E876-170F-4989-A555-6214E53F8B5C}.Release|Any CPU.ActiveCfg = Release|Any CPU
		{3646E876-170F-4989-A555-6214E53F8B5C}.Release|Any CPU.Build.0 = Release|Any CPU
		{3646E876-170F-4989-A555-6214E53F8B5C}.Release|Any CPU.Deploy.0 = Release|Any CPU
		{E93B7C9A-0527-49F9-ABF5-A6D81C65FB85}.Debug|Any CPU.ActiveCfg = Debug|Any CPU
		{E93B7C9A-0527-49F9-ABF5-A6D81C65FB85}.Debug|Any CPU.Build.0 = Debug|Any CPU
		{E93B7C9A-0527-49F9-ABF5-A6D81C65FB85}.Debug|Any CPU.Deploy.0 = Debug|Any CPU
		{E93B7C9A-0527-49F9-ABF5-A6D81C65FB85}.Release|Any CPU.ActiveCfg = Release|Any CPU
		{E93B7C9A-0527-49F9-ABF5-A6D81C65FB85}.Release|Any CPU.Build.0 = Release|Any CPU
		{E93B7C9A-0527-49F9-ABF5-A6D81C65FB85}.Release|Any CPU.Deploy.0 = Release|Any CPU
		{FB26F62B-1AD0-4DCC-9DFC-12C8E4259912}.Debug|Any CPU.ActiveCfg = Debug|Any CPU
		{FB26F62B-1AD0-4DCC-9DFC-12C8E4259912}.Debug|Any CPU.Build.0 = Debug|Any CPU
		{FB26F62B-1AD0-4DCC-9DFC-12C8E4259912}.Debug|Any CPU.Deploy.0 = Debug|Any CPU
		{FB26F62B-1AD0-4DCC-9DFC-12C8E4259912}.Release|Any CPU.ActiveCfg = Release|Any CPU
		{FB26F62B-1AD0-4DCC-9DFC-12C8E4259912}.Release|Any CPU.Build.0 = Release|Any CPU
		{FB26F62B-1AD0-4DCC-9DFC-12C8E4259912}.Release|Any CPU.Deploy.0 = Release|Any CPU
		{9997D031-9388-487D-95AD-ACABA6C805E7}.Debug|Any CPU.ActiveCfg = Debug|Any CPU
		{9997D031-9388-487D-95AD-ACABA6C805E7}.Debug|Any CPU.Build.0 = Debug|Any CPU
		{9997D031-9388-487D-95AD-ACABA6C805E7}.Debug|Any CPU.Deploy.0 = Debug|Any CPU
		{9997D031-9388-487D-95AD-ACABA6C805E7}.Release|Any CPU.ActiveCfg = Release|Any CPU
		{9997D031-9388-487D-95AD-ACABA6C805E7}.Release|Any CPU.Build.0 = Release|Any CPU
		{9997D031-9388-487D-95AD-ACABA6C805E7}.Release|Any CPU.Deploy.0 = Release|Any CPU
		{40A488C1-74C6-4CFB-AE75-346F7B53A215}.Debug|Any CPU.ActiveCfg = Debug|Any CPU
		{40A488C1-74C6-4CFB-AE75-346F7B53A215}.Debug|Any CPU.Build.0 = Debug|Any CPU
		{40A488C1-74C6-4CFB-AE75-346F7B53A215}.Debug|Any CPU.Deploy.0 = Debug|Any CPU
		{40A488C1-74C6-4CFB-AE75-346F7B53A215}.Release|Any CPU.ActiveCfg = Release|Any CPU
		{40A488C1-74C6-4CFB-AE75-346F7B53A215}.Release|Any CPU.Build.0 = Release|Any CPU
		{40A488C1-74C6-4CFB-AE75-346F7B53A215}.Release|Any CPU.Deploy.0 = Release|Any CPU
		{B6360FE1-248F-4C93-8CEC-70BF206B9708}.Debug|Any CPU.ActiveCfg = Debug|Any CPU
		{B6360FE1-248F-4C93-8CEC-70BF206B9708}.Debug|Any CPU.Build.0 = Debug|Any CPU
		{B6360FE1-248F-4C93-8CEC-70BF206B9708}.Debug|Any CPU.Deploy.0 = Debug|Any CPU
		{B6360FE1-248F-4C93-8CEC-70BF206B9708}.Release|Any CPU.ActiveCfg = Release|Any CPU
		{B6360FE1-248F-4C93-8CEC-70BF206B9708}.Release|Any CPU.Build.0 = Release|Any CPU
		{B6360FE1-248F-4C93-8CEC-70BF206B9708}.Release|Any CPU.Deploy.0 = Release|Any CPU
		{579456DE-A3B2-4312-82E4-CF93E64CA6AB}.Debug|Any CPU.ActiveCfg = Debug|Any CPU
		{579456DE-A3B2-4312-82E4-CF93E64CA6AB}.Debug|Any CPU.Build.0 = Debug|Any CPU
		{579456DE-A3B2-4312-82E4-CF93E64CA6AB}.Debug|Any CPU.Deploy.0 = Debug|Any CPU
		{579456DE-A3B2-4312-82E4-CF93E64CA6AB}.Release|Any CPU.ActiveCfg = Release|Any CPU
		{579456DE-A3B2-4312-82E4-CF93E64CA6AB}.Release|Any CPU.Build.0 = Release|Any CPU
		{579456DE-A3B2-4312-82E4-CF93E64CA6AB}.Release|Any CPU.Deploy.0 = Release|Any CPU
		{96F9B992-DD0F-44F5-BA2A-60F74EA31C1C}.Debug|Any CPU.ActiveCfg = Debug|Any CPU
		{96F9B992-DD0F-44F5-BA2A-60F74EA31C1C}.Debug|Any CPU.Build.0 = Debug|Any CPU
		{96F9B992-DD0F-44F5-BA2A-60F74EA31C1C}.Debug|Any CPU.Deploy.0 = Debug|Any CPU
		{96F9B992-DD0F-44F5-BA2A-60F74EA31C1C}.Release|Any CPU.ActiveCfg = Release|Any CPU
		{96F9B992-DD0F-44F5-BA2A-60F74EA31C1C}.Release|Any CPU.Build.0 = Release|Any CPU
		{96F9B992-DD0F-44F5-BA2A-60F74EA31C1C}.Release|Any CPU.Deploy.0 = Release|Any CPU
		{EBD1C2BE-1BF6-4775-A259-8AF1B75946DB}.Debug|Any CPU.ActiveCfg = Debug|Any CPU
		{EBD1C2BE-1BF6-4775-A259-8AF1B75946DB}.Debug|Any CPU.Build.0 = Debug|Any CPU
		{EBD1C2BE-1BF6-4775-A259-8AF1B75946DB}.Debug|Any CPU.Deploy.0 = Debug|Any CPU
		{EBD1C2BE-1BF6-4775-A259-8AF1B75946DB}.Release|Any CPU.ActiveCfg = Release|Any CPU
		{EBD1C2BE-1BF6-4775-A259-8AF1B75946DB}.Release|Any CPU.Build.0 = Release|Any CPU
		{EBD1C2BE-1BF6-4775-A259-8AF1B75946DB}.Release|Any CPU.Deploy.0 = Release|Any CPU
		{5D60BA2E-9393-400B-A02A-E0F3EEC490C9}.Debug|Any CPU.ActiveCfg = Debug|Any CPU
		{5D60BA2E-9393-400B-A02A-E0F3EEC490C9}.Debug|Any CPU.Build.0 = Debug|Any CPU
		{5D60BA2E-9393-400B-A02A-E0F3EEC490C9}.Debug|Any CPU.Deploy.0 = Debug|Any CPU
		{5D60BA2E-9393-400B-A02A-E0F3EEC490C9}.Release|Any CPU.ActiveCfg = Release|Any CPU
		{5D60BA2E-9393-400B-A02A-E0F3EEC490C9}.Release|Any CPU.Build.0 = Release|Any CPU
		{5D60BA2E-9393-400B-A02A-E0F3EEC490C9}.Release|Any CPU.Deploy.0 = Release|Any CPU
		{D066B79C-F1F7-4049-8F49-9A2356E935E6}.Debug|Any CPU.ActiveCfg = Debug|Any CPU
		{D066B79C-F1F7-4049-8F49-9A2356E935E6}.Debug|Any CPU.Build.0 = Debug|Any CPU
		{D066B79C-F1F7-4049-8F49-9A2356E935E6}.Debug|Any CPU.Deploy.0 = Debug|Any CPU
		{D066B79C-F1F7-4049-8F49-9A2356E935E6}.Release|Any CPU.ActiveCfg = Release|Any CPU
		{D066B79C-F1F7-4049-8F49-9A2356E935E6}.Release|Any CPU.Build.0 = Release|Any CPU
		{D066B79C-F1F7-4049-8F49-9A2356E935E6}.Release|Any CPU.Deploy.0 = Release|Any CPU
		{817D6CE5-A6C2-42DA-B8D9-6E3E0A14833A}.Debug|Any CPU.ActiveCfg = Debug|Any CPU
		{817D6CE5-A6C2-42DA-B8D9-6E3E0A14833A}.Debug|Any CPU.Build.0 = Debug|Any CPU
		{817D6CE5-A6C2-42DA-B8D9-6E3E0A14833A}.Debug|Any CPU.Deploy.0 = Debug|Any CPU
		{817D6CE5-A6C2-42DA-B8D9-6E3E0A14833A}.Release|Any CPU.ActiveCfg = Release|Any CPU
		{817D6CE5-A6C2-42DA-B8D9-6E3E0A14833A}.Release|Any CPU.Build.0 = Release|Any CPU
		{817D6CE5-A6C2-42DA-B8D9-6E3E0A14833A}.Release|Any CPU.Deploy.0 = Release|Any CPU
		{556AEA6A-10C4-44C8-9978-75E7D8464675}.Debug|Any CPU.ActiveCfg = Debug|Any CPU
		{556AEA6A-10C4-44C8-9978-75E7D8464675}.Debug|Any CPU.Build.0 = Debug|Any CPU
		{556AEA6A-10C4-44C8-9978-75E7D8464675}.Debug|Any CPU.Deploy.0 = Debug|Any CPU
		{556AEA6A-10C4-44C8-9978-75E7D8464675}.Release|Any CPU.ActiveCfg = Release|Any CPU
		{556AEA6A-10C4-44C8-9978-75E7D8464675}.Release|Any CPU.Build.0 = Release|Any CPU
		{556AEA6A-10C4-44C8-9978-75E7D8464675}.Release|Any CPU.Deploy.0 = Release|Any CPU
		{426A7D7F-2D57-446D-8BCE-8B36D8B7CC66}.Debug|Any CPU.ActiveCfg = Debug|Any CPU
		{426A7D7F-2D57-446D-8BCE-8B36D8B7CC66}.Debug|Any CPU.Build.0 = Debug|Any CPU
		{426A7D7F-2D57-446D-8BCE-8B36D8B7CC66}.Debug|Any CPU.Deploy.0 = Debug|Any CPU
		{426A7D7F-2D57-446D-8BCE-8B36D8B7CC66}.Release|Any CPU.ActiveCfg = Release|Any CPU
		{426A7D7F-2D57-446D-8BCE-8B36D8B7CC66}.Release|Any CPU.Build.0 = Release|Any CPU
		{426A7D7F-2D57-446D-8BCE-8B36D8B7CC66}.Release|Any CPU.Deploy.0 = Release|Any CPU
		{2457E496-71D6-4DF3-AB00-C5F64D2F048E}.Debug|Any CPU.ActiveCfg = Debug|Any CPU
		{2457E496-71D6-4DF3-AB00-C5F64D2F048E}.Debug|Any CPU.Build.0 = Debug|Any CPU
		{2457E496-71D6-4DF3-AB00-C5F64D2F048E}.Debug|Any CPU.Deploy.0 = Debug|Any CPU
		{2457E496-71D6-4DF3-AB00-C5F64D2F048E}.Release|Any CPU.ActiveCfg = Release|Any CPU
		{2457E496-71D6-4DF3-AB00-C5F64D2F048E}.Release|Any CPU.Build.0 = Release|Any CPU
		{2457E496-71D6-4DF3-AB00-C5F64D2F048E}.Release|Any CPU.Deploy.0 = Release|Any CPU
		{B10EB018-CDFC-4560-B13C-5820E78771EA}.Debug|Any CPU.ActiveCfg = Debug|Any CPU
		{B10EB018-CDFC-4560-B13C-5820E78771EA}.Debug|Any CPU.Build.0 = Debug|Any CPU
		{B10EB018-CDFC-4560-B13C-5820E78771EA}.Debug|Any CPU.Deploy.0 = Debug|Any CPU
		{B10EB018-CDFC-4560-B13C-5820E78771EA}.Release|Any CPU.ActiveCfg = Release|Any CPU
		{B10EB018-CDFC-4560-B13C-5820E78771EA}.Release|Any CPU.Build.0 = Release|Any CPU
		{B10EB018-CDFC-4560-B13C-5820E78771EA}.Release|Any CPU.Deploy.0 = Release|Any CPU
		{E64782E6-029C-44EB-9066-46A4B6584300}.Debug|Any CPU.ActiveCfg = Debug|Any CPU
		{E64782E6-029C-44EB-9066-46A4B6584300}.Debug|Any CPU.Build.0 = Debug|Any CPU
		{E64782E6-029C-44EB-9066-46A4B6584300}.Debug|Any CPU.Deploy.0 = Debug|Any CPU
		{E64782E6-029C-44EB-9066-46A4B6584300}.Release|Any CPU.ActiveCfg = Release|Any CPU
		{E64782E6-029C-44EB-9066-46A4B6584300}.Release|Any CPU.Build.0 = Release|Any CPU
		{E64782E6-029C-44EB-9066-46A4B6584300}.Release|Any CPU.Deploy.0 = Release|Any CPU
		{9000A0FA-B495-4DAA-AA15-09432298B53E}.Debug|Any CPU.ActiveCfg = Debug|Any CPU
		{9000A0FA-B495-4DAA-AA15-09432298B53E}.Debug|Any CPU.Build.0 = Debug|Any CPU
		{9000A0FA-B495-4DAA-AA15-09432298B53E}.Release|Any CPU.ActiveCfg = Release|Any CPU
		{9000A0FA-B495-4DAA-AA15-09432298B53E}.Release|Any CPU.Build.0 = Release|Any CPU
		{0E8F33A3-8721-45D3-9120-82C0BD3C3E55}.Debug|Any CPU.ActiveCfg = Debug|Any CPU
		{0E8F33A3-8721-45D3-9120-82C0BD3C3E55}.Debug|Any CPU.Build.0 = Debug|Any CPU
		{0E8F33A3-8721-45D3-9120-82C0BD3C3E55}.Debug|Any CPU.Deploy.0 = Debug|Any CPU
		{0E8F33A3-8721-45D3-9120-82C0BD3C3E55}.Release|Any CPU.ActiveCfg = Release|Any CPU
		{0E8F33A3-8721-45D3-9120-82C0BD3C3E55}.Release|Any CPU.Build.0 = Release|Any CPU
		{0E8F33A3-8721-45D3-9120-82C0BD3C3E55}.Release|Any CPU.Deploy.0 = Release|Any CPU
		{E53AD1DD-1C05-4800-864D-8A0BD08B8A35}.Debug|Any CPU.ActiveCfg = Debug|Any CPU
		{E53AD1DD-1C05-4800-864D-8A0BD08B8A35}.Debug|Any CPU.Build.0 = Debug|Any CPU
		{E53AD1DD-1C05-4800-864D-8A0BD08B8A35}.Release|Any CPU.ActiveCfg = Release|Any CPU
		{E53AD1DD-1C05-4800-864D-8A0BD08B8A35}.Release|Any CPU.Build.0 = Release|Any CPU
		{930B20FE-9639-4644-9487-B10D6A385D20}.Debug|Any CPU.ActiveCfg = Debug|Any CPU
		{930B20FE-9639-4644-9487-B10D6A385D20}.Debug|Any CPU.Build.0 = Debug|Any CPU
		{930B20FE-9639-4644-9487-B10D6A385D20}.Release|Any CPU.ActiveCfg = Release|Any CPU
		{930B20FE-9639-4644-9487-B10D6A385D20}.Release|Any CPU.Build.0 = Release|Any CPU
		{DD2FE77B-5CF8-4BE6-909E-862B7FADA3EB}.Debug|Any CPU.ActiveCfg = Debug|Any CPU
		{DD2FE77B-5CF8-4BE6-909E-862B7FADA3EB}.Debug|Any CPU.Build.0 = Debug|Any CPU
		{DD2FE77B-5CF8-4BE6-909E-862B7FADA3EB}.Release|Any CPU.ActiveCfg = Release|Any CPU
		{DD2FE77B-5CF8-4BE6-909E-862B7FADA3EB}.Release|Any CPU.Build.0 = Release|Any CPU
		{8E16710E-9A5C-4F60-9AC8-D24135B81658}.Debug|Any CPU.ActiveCfg = Debug|Any CPU
		{8E16710E-9A5C-4F60-9AC8-D24135B81658}.Debug|Any CPU.Build.0 = Debug|Any CPU
		{8E16710E-9A5C-4F60-9AC8-D24135B81658}.Release|Any CPU.ActiveCfg = Release|Any CPU
		{8E16710E-9A5C-4F60-9AC8-D24135B81658}.Release|Any CPU.Build.0 = Release|Any CPU
		{3724E5B5-B1E6-489E-B9CA-818D3C8CA119}.Debug|Any CPU.ActiveCfg = Debug|Any CPU
		{3724E5B5-B1E6-489E-B9CA-818D3C8CA119}.Debug|Any CPU.Build.0 = Debug|Any CPU
		{3724E5B5-B1E6-489E-B9CA-818D3C8CA119}.Release|Any CPU.ActiveCfg = Release|Any CPU
		{3724E5B5-B1E6-489E-B9CA-818D3C8CA119}.Release|Any CPU.Build.0 = Release|Any CPU
		{AE91A1C3-92B4-4689-B55A-1D52405FCD0C}.Debug|Any CPU.ActiveCfg = Debug|Any CPU
		{AE91A1C3-92B4-4689-B55A-1D52405FCD0C}.Debug|Any CPU.Build.0 = Debug|Any CPU
		{AE91A1C3-92B4-4689-B55A-1D52405FCD0C}.Release|Any CPU.ActiveCfg = Release|Any CPU
		{AE91A1C3-92B4-4689-B55A-1D52405FCD0C}.Release|Any CPU.Build.0 = Release|Any CPU
		{13F3F1FD-C408-4DA5-A7D0-F0581E28E862}.Debug|Any CPU.ActiveCfg = Debug|Any CPU
		{13F3F1FD-C408-4DA5-A7D0-F0581E28E862}.Debug|Any CPU.Build.0 = Debug|Any CPU
		{13F3F1FD-C408-4DA5-A7D0-F0581E28E862}.Release|Any CPU.ActiveCfg = Release|Any CPU
		{13F3F1FD-C408-4DA5-A7D0-F0581E28E862}.Release|Any CPU.Build.0 = Release|Any CPU
		{FF96DDD8-0E85-4836-86A0-9F060EB2FCA4}.Debug|Any CPU.ActiveCfg = Debug|Any CPU
		{FF96DDD8-0E85-4836-86A0-9F060EB2FCA4}.Debug|Any CPU.Build.0 = Debug|Any CPU
		{FF96DDD8-0E85-4836-86A0-9F060EB2FCA4}.Release|Any CPU.ActiveCfg = Release|Any CPU
		{FF96DDD8-0E85-4836-86A0-9F060EB2FCA4}.Release|Any CPU.Build.0 = Release|Any CPU
		{4F2B4260-45DD-417D-B3AD-B4F5637D6743}.Debug|Any CPU.ActiveCfg = Debug|Any CPU
		{4F2B4260-45DD-417D-B3AD-B4F5637D6743}.Debug|Any CPU.Build.0 = Debug|Any CPU
		{4F2B4260-45DD-417D-B3AD-B4F5637D6743}.Release|Any CPU.ActiveCfg = Release|Any CPU
		{4F2B4260-45DD-417D-B3AD-B4F5637D6743}.Release|Any CPU.Build.0 = Release|Any CPU
		{A1BE4B6F-A0DC-4693-892D-58E29660B807}.Debug|Any CPU.ActiveCfg = Debug|Any CPU
		{A1BE4B6F-A0DC-4693-892D-58E29660B807}.Debug|Any CPU.Build.0 = Debug|Any CPU
		{A1BE4B6F-A0DC-4693-892D-58E29660B807}.Debug|Any CPU.Deploy.0 = Debug|Any CPU
		{A1BE4B6F-A0DC-4693-892D-58E29660B807}.Release|Any CPU.ActiveCfg = Release|Any CPU
		{A1BE4B6F-A0DC-4693-892D-58E29660B807}.Release|Any CPU.Build.0 = Release|Any CPU
		{A1BE4B6F-A0DC-4693-892D-58E29660B807}.Release|Any CPU.Deploy.0 = Release|Any CPU
		{1280CD2E-C284-435C-9E9E-11E906215438}.Debug|Any CPU.ActiveCfg = Debug|Any CPU
		{1280CD2E-C284-435C-9E9E-11E906215438}.Debug|Any CPU.Build.0 = Debug|Any CPU
		{1280CD2E-C284-435C-9E9E-11E906215438}.Debug|Any CPU.Deploy.0 = Debug|Any CPU
		{1280CD2E-C284-435C-9E9E-11E906215438}.Release|Any CPU.ActiveCfg = Release|Any CPU
		{1280CD2E-C284-435C-9E9E-11E906215438}.Release|Any CPU.Build.0 = Release|Any CPU
		{1280CD2E-C284-435C-9E9E-11E906215438}.Release|Any CPU.Deploy.0 = Release|Any CPU
	EndGlobalSection
	GlobalSection(SolutionProperties) = preSolution
		HideSolutionNode = FALSE
	EndGlobalSection
	GlobalSection(NestedProjects) = preSolution
		{C26DFAC8-D566-4532-A98B-18C1457AD50C} = {9CBC96D2-E5DC-43F5-B7CE-3C9AC1A2C756}
		{8435F175-BC0D-40EA-AD7A-7A9499AD68E4} = {9CBC96D2-E5DC-43F5-B7CE-3C9AC1A2C756}
		{354D1843-17DC-4ADC-B0EF-3839C6BE40D9} = {9CBC96D2-E5DC-43F5-B7CE-3C9AC1A2C756}
		{048B81CC-58DB-400A-B950-A2A2D626688C} = {9CBC96D2-E5DC-43F5-B7CE-3C9AC1A2C756}
		{E42153BD-0235-4B16-94AA-666356386D2B} = {9CBC96D2-E5DC-43F5-B7CE-3C9AC1A2C756}
		{E6CB3DC9-7F93-4C9D-AA03-14FC71638207} = {9CBC96D2-E5DC-43F5-B7CE-3C9AC1A2C756}
		{29FB3521-DF42-43CB-BBB9-52134184A87A} = {9CBC96D2-E5DC-43F5-B7CE-3C9AC1A2C756}
		{23ADE208-CF42-42DD-8C48-5DD0A01D6692} = {9CBC96D2-E5DC-43F5-B7CE-3C9AC1A2C756}
		{65FA8665-DE6C-4E2D-A04B-BC668FA4B729} = {9CBC96D2-E5DC-43F5-B7CE-3C9AC1A2C756}
		{A4B2FB20-01FE-4314-B494-027E5C3F4BC1} = {9CBC96D2-E5DC-43F5-B7CE-3C9AC1A2C756}
		{C345D105-8D07-4ABC-B19F-DBBD9CC07D5A} = {9CBC96D2-E5DC-43F5-B7CE-3C9AC1A2C756}
		{D81B17C3-3C17-4AEA-83CD-C83837EBBE26} = {9CBC96D2-E5DC-43F5-B7CE-3C9AC1A2C756}
		{B058AAAD-2FF3-4335-8267-CE618DB23C42} = {9CBC96D2-E5DC-43F5-B7CE-3C9AC1A2C756}
		{D0A70309-37FF-4EA0-93CB-A0C84ED33BE9} = {9CBC96D2-E5DC-43F5-B7CE-3C9AC1A2C756}
		{3F4FDF1B-3AFC-4534-94D2-189640227937} = {9CBC96D2-E5DC-43F5-B7CE-3C9AC1A2C756}
		{04028F03-7D98-4028-852E-68CB56A3DB3F} = {9CBC96D2-E5DC-43F5-B7CE-3C9AC1A2C756}
		{626D23FD-E72F-4BB5-A23E-F8309773D3B3} = {9CBC96D2-E5DC-43F5-B7CE-3C9AC1A2C756}
		{547BEFBE-E544-4F05-8275-4F6319408B8F} = {9CBC96D2-E5DC-43F5-B7CE-3C9AC1A2C756}
		{E574F344-2951-44BB-ABF4-047FE128ED68} = {9CBC96D2-E5DC-43F5-B7CE-3C9AC1A2C756}
		{C434F9E1-C36E-44C8-96F4-F5AA5E67B75F} = {9CBC96D2-E5DC-43F5-B7CE-3C9AC1A2C756}
		{A2DB49B2-8B47-410E-8C46-BEFF58FEA2F2} = {9CBC96D2-E5DC-43F5-B7CE-3C9AC1A2C756}
		{F26F303A-FBE3-4132-8FA1-50E5EBAB40E5} = {9CBC96D2-E5DC-43F5-B7CE-3C9AC1A2C756}
		{40E59C66-08B5-41DF-8662-84FC2B5E1271} = {9CBC96D2-E5DC-43F5-B7CE-3C9AC1A2C756}
		{63683D50-6F11-4639-A2AF-0220AB5E7DD6} = {9CBC96D2-E5DC-43F5-B7CE-3C9AC1A2C756}
		{64E7B672-A7F9-4798-8D04-FA4361FCBDD9} = {9CBC96D2-E5DC-43F5-B7CE-3C9AC1A2C756}
		{F5D9DCB0-B4D9-4A41-AB7A-E2B48F83AC70} = {9CBC96D2-E5DC-43F5-B7CE-3C9AC1A2C756}
		{0191A563-B656-4D50-B432-D18EE8E70FB4} = {9CBC96D2-E5DC-43F5-B7CE-3C9AC1A2C756}
		{8C64CAAF-8989-49C3-BDDE-78C98B7BBB43} = {020E1099-3454-400B-A4E1-4429390C3C8A}
		{C7C7BB32-83BE-4045-B21E-09B73CA9B8C9} = {020E1099-3454-400B-A4E1-4429390C3C8A}
		{202B7180-C13B-4874-BD17-FAF2FDE951A6} = {9CBC96D2-E5DC-43F5-B7CE-3C9AC1A2C756}
		{3646E876-170F-4989-A555-6214E53F8B5C} = {9CBC96D2-E5DC-43F5-B7CE-3C9AC1A2C756}
		{FB26F62B-1AD0-4DCC-9DFC-12C8E4259912} = {9CBC96D2-E5DC-43F5-B7CE-3C9AC1A2C756}
		{9997D031-9388-487D-95AD-ACABA6C805E7} = {C572D5BA-7361-44C7-8A82-20D11F9A323A}
		{40A488C1-74C6-4CFB-AE75-346F7B53A215} = {9CBC96D2-E5DC-43F5-B7CE-3C9AC1A2C756}
		{B6360FE1-248F-4C93-8CEC-70BF206B9708} = {C572D5BA-7361-44C7-8A82-20D11F9A323A}
		{579456DE-A3B2-4312-82E4-CF93E64CA6AB} = {C572D5BA-7361-44C7-8A82-20D11F9A323A}
		{96F9B992-DD0F-44F5-BA2A-60F74EA31C1C} = {C572D5BA-7361-44C7-8A82-20D11F9A323A}
		{5D60BA2E-9393-400B-A02A-E0F3EEC490C9} = {9CBC96D2-E5DC-43F5-B7CE-3C9AC1A2C756}
		{E64782E6-029C-44EB-9066-46A4B6584300} = {9CBC96D2-E5DC-43F5-B7CE-3C9AC1A2C756}
		{9000A0FA-B495-4DAA-AA15-09432298B53E} = {9CBC96D2-E5DC-43F5-B7CE-3C9AC1A2C756}
		{0E8F33A3-8721-45D3-9120-82C0BD3C3E55} = {9CBC96D2-E5DC-43F5-B7CE-3C9AC1A2C756}
		{E53AD1DD-1C05-4800-864D-8A0BD08B8A35} = {A00B68C1-97C5-4D34-91E8-353678C2AEF3}
		{930B20FE-9639-4644-9487-B10D6A385D20} = {9CBC96D2-E5DC-43F5-B7CE-3C9AC1A2C756}
		{DD2FE77B-5CF8-4BE6-909E-862B7FADA3EB} = {A00B68C1-97C5-4D34-91E8-353678C2AEF3}
		{8E16710E-9A5C-4F60-9AC8-D24135B81658} = {A00B68C1-97C5-4D34-91E8-353678C2AEF3}
		{4F2B4260-45DD-417D-B3AD-B4F5637D6743} = {9CBC96D2-E5DC-43F5-B7CE-3C9AC1A2C756}
		{1280CD2E-C284-435C-9E9E-11E906215438} = {9CBC96D2-E5DC-43F5-B7CE-3C9AC1A2C756}
	EndGlobalSection
	GlobalSection(ExtensibilityGlobals) = postSolution
		SolutionGuid = {59B85D60-3E0C-446F-8620-3B88DCA35E21}
	EndGlobalSection
	GlobalSection(SharedMSBuildProjectFiles) = preSolution
		HighScoreModels\HighScoreModels.projitems*{2596e6f9-907d-46c9-9d85-b9b29d198344}*SharedItemsImports = 5
		HighScoreModels\HighScoreModels.projitems*{6bcd457f-1201-41b0-9156-b96956313a0f}*SharedItemsImports = 5
		HighScoreModels\HighScoreModels.projitems*{8c64caaf-8989-49c3-bdde-78c98b7bbb43}*SharedItemsImports = 5
		HighScoreModels\HighScoreModels.projitems*{c7c7bb32-83be-4045-b21e-09b73ca9b8c9}*SharedItemsImports = 13
	EndGlobalSection
EndGlobal
